// !$*UTF8*$!
{
	archiveVersion = 1;
	classes = {
	};
	objectVersion = 56;
	objects = {

/* Begin PBXBuildFile section */
		8A1D0C502AC3F79300C7FCF8 /* Font.swift in Sources */ = {isa = PBXBuildFile; fileRef = 8A1D0C4F2AC3F79300C7FCF8 /* Font.swift */; };
		8A1D0C542AC3FD0600C7FCF8 /* Pretendard-Thin.otf in Resources */ = {isa = PBXBuildFile; fileRef = 8A1D0C532AC3FD0600C7FCF8 /* Pretendard-Thin.otf */; };
		8A5162462AC401EF00EEB1B4 /* Pretendard-Regular.otf in Resources */ = {isa = PBXBuildFile; fileRef = 8A5162452AC401EF00EEB1B4 /* Pretendard-Regular.otf */; };
		8A5162482AC403BB00EEB1B4 /* Lexend-VariableFont_wght.ttf in Resources */ = {isa = PBXBuildFile; fileRef = 8A5162472AC403BB00EEB1B4 /* Lexend-VariableFont_wght.ttf */; };
		8A51624A2AC404E600EEB1B4 /* Pretendard-Bold.otf in Resources */ = {isa = PBXBuildFile; fileRef = 8A5162492AC404E600EEB1B4 /* Pretendard-Bold.otf */; };
		8A51624D2AC41D7100EEB1B4 /* Localizable.strings in Resources */ = {isa = PBXBuildFile; fileRef = 8A51624F2AC41D7100EEB1B4 /* Localizable.strings */; };
		8A84F13B2AD2C8150070EC72 /* SelectedGridRange.swift in Sources */ = {isa = PBXBuildFile; fileRef = 8A84F13A2AD2C8150070EC72 /* SelectedGridRange.swift */; };
		8ADAEE4B2ADFC9AC008E6A2B /* SelectedDateRange.swift in Sources */ = {isa = PBXBuildFile; fileRef = 8ADAEE4A2ADFC9AC008E6A2B /* SelectedDateRange.swift */; };
		9732FE9A2AEB9CE500900600 /* ListItemEmptyView.swift in Sources */ = {isa = PBXBuildFile; fileRef = 9732FE992AEB9CE500900600 /* ListItemEmptyView.swift */; };
		975A620B2ACE939900DE31AB /* DateInfo.swift in Sources */ = {isa = PBXBuildFile; fileRef = 975A620A2ACE939900DE31AB /* DateInfo.swift */; };
		975A620D2ACE946A00DE31AB /* Date+Extension.swift in Sources */ = {isa = PBXBuildFile; fileRef = 975A620C2ACE946A00DE31AB /* Date+Extension.swift */; };
		975A620F2ACE950200DE31AB /* HolidayUtil.swift in Sources */ = {isa = PBXBuildFile; fileRef = 975A620E2ACE950200DE31AB /* HolidayUtil.swift */; };
		975A62132ACE970800DE31AB /* DayGridView.swift in Sources */ = {isa = PBXBuildFile; fileRef = 975A62122ACE970800DE31AB /* DayGridView.swift */; };
		97806BB52AE15ACC0044FA0C /* ListItemView.swift in Sources */ = {isa = PBXBuildFile; fileRef = 97806BB42AE15ACC0044FA0C /* ListItemView.swift */; };
		9783F6D82AEFA04100176700 /* FirestoreService.swift in Sources */ = {isa = PBXBuildFile; fileRef = 9783F6D72AEFA04100176700 /* FirestoreService.swift */; };
		9784DB542AECEB88002EB52F /* LayerControlAreaView.swift in Sources */ = {isa = PBXBuildFile; fileRef = 9784DB532AECEB88002EB52F /* LayerControlAreaView.swift */; };
		97C419DC2AE2CAEB00501321 /* ListAreaView.swift in Sources */ = {isa = PBXBuildFile; fileRef = 97C419DB2AE2CAEB00501321 /* ListAreaView.swift */; };
		AD01D50C2ACC7B5E00474E7A /* String+Extension.swift in Sources */ = {isa = PBXBuildFile; fileRef = AD01D50B2ACC7B5E00474E7A /* String+Extension.swift */; };
		AD06C4BE2AD7766200E3CC07 /* PlanType.swift in Sources */ = {isa = PBXBuildFile; fileRef = AD06C4BD2AD7766200E3CC07 /* PlanType.swift */; };
		AD06C4C02AD7767700E3CC07 /* Plan.swift in Sources */ = {isa = PBXBuildFile; fileRef = AD06C4BF2AD7767700E3CC07 /* Plan.swift */; };
		AD2F7A092ADD5BD2006201AB /* Lane.swift in Sources */ = {isa = PBXBuildFile; fileRef = AD2F7A082ADD5BD2006201AB /* Lane.swift */; };
		AD3DF48D2ACD8F8C00F619DE /* FirebaseAnalytics in Frameworks */ = {isa = PBXBuildFile; productRef = AD3DF48C2ACD8F8C00F619DE /* FirebaseAnalytics */; };
		AD3DF48F2ACD8F8C00F619DE /* FirebaseAnalyticsSwift in Frameworks */ = {isa = PBXBuildFile; productRef = AD3DF48E2ACD8F8C00F619DE /* FirebaseAnalyticsSwift */; };
		AD3DF4912ACD8F8C00F619DE /* FirebaseAuth in Frameworks */ = {isa = PBXBuildFile; productRef = AD3DF4902ACD8F8C00F619DE /* FirebaseAuth */; };
		AD3DF4932ACD8F8C00F619DE /* FirebaseAuthCombine-Community in Frameworks */ = {isa = PBXBuildFile; productRef = AD3DF4922ACD8F8C00F619DE /* FirebaseAuthCombine-Community */; };
		AD3DF4952ACD8F8C00F619DE /* FirebaseCrashlytics in Frameworks */ = {isa = PBXBuildFile; productRef = AD3DF4942ACD8F8C00F619DE /* FirebaseCrashlytics */; };
		AD3DF4972ACD8F8C00F619DE /* FirebaseDatabase in Frameworks */ = {isa = PBXBuildFile; productRef = AD3DF4962ACD8F8C00F619DE /* FirebaseDatabase */; };
		AD3DF4992ACD8F8C00F619DE /* FirebaseDatabaseSwift in Frameworks */ = {isa = PBXBuildFile; productRef = AD3DF4982ACD8F8C00F619DE /* FirebaseDatabaseSwift */; };
		AD3DF49B2ACD8F8C00F619DE /* FirebaseDynamicLinks in Frameworks */ = {isa = PBXBuildFile; productRef = AD3DF49A2ACD8F8C00F619DE /* FirebaseDynamicLinks */; };
		AD3DF49D2ACD8F8C00F619DE /* FirebaseFirestore in Frameworks */ = {isa = PBXBuildFile; productRef = AD3DF49C2ACD8F8C00F619DE /* FirebaseFirestore */; };
		AD3DF49F2ACD8F8C00F619DE /* FirebaseFirestoreSwift in Frameworks */ = {isa = PBXBuildFile; productRef = AD3DF49E2ACD8F8C00F619DE /* FirebaseFirestoreSwift */; };
		AD3DF4A12ACD8F8C00F619DE /* FirebaseFunctions in Frameworks */ = {isa = PBXBuildFile; productRef = AD3DF4A02ACD8F8C00F619DE /* FirebaseFunctions */; };
		AD3DF4A32ACD8F8C00F619DE /* FirebaseStorage in Frameworks */ = {isa = PBXBuildFile; productRef = AD3DF4A22ACD8F8C00F619DE /* FirebaseStorage */; };
		AD52FE9A2AC95F3300AA001F /* DependencyValues+Extension.swift in Sources */ = {isa = PBXBuildFile; fileRef = AD52FE992AC95F3300AA001F /* DependencyValues+Extension.swift */; };
		AD52FE9C2AC95FBB00AA001F /* APIClient.swift in Sources */ = {isa = PBXBuildFile; fileRef = AD52FE9B2AC95FBB00AA001F /* APIClient.swift */; };
		AD52FE9F2AC965EF00AA001F /* User.swift in Sources */ = {isa = PBXBuildFile; fileRef = AD52FE9E2AC965EF00AA001F /* User.swift */; };
		AD52FEBE2AC9E70E00AA001F /* GoogleService-Info.plist in Resources */ = {isa = PBXBuildFile; fileRef = AD52FEBD2AC9E70E00AA001F /* GoogleService-Info.plist */; };
		AD68907D2AC707D800539A5C /* AuthenticationView.swift in Sources */ = {isa = PBXBuildFile; fileRef = AD68907C2AC707D800539A5C /* AuthenticationView.swift */; };
		AD68907F2AC7F1AD00539A5C /* Authentication.swift in Sources */ = {isa = PBXBuildFile; fileRef = AD68907E2AC7F1AD00539A5C /* Authentication.swift */; };
		AD8ECB8E2ABC7CA10040A0B8 /* GridyApp.swift in Sources */ = {isa = PBXBuildFile; fileRef = AD8ECB8D2ABC7CA10040A0B8 /* GridyApp.swift */; };
		AD8ECB902ABC7CA10040A0B8 /* ContentView.swift in Sources */ = {isa = PBXBuildFile; fileRef = AD8ECB8F2ABC7CA10040A0B8 /* ContentView.swift */; };
		AD8ECB922ABC7CA20040A0B8 /* Assets.xcassets in Resources */ = {isa = PBXBuildFile; fileRef = AD8ECB912ABC7CA20040A0B8 /* Assets.xcassets */; };
		AD96ED3C2AD1183A005D197B /* Project.swift in Sources */ = {isa = PBXBuildFile; fileRef = AD96ED3B2AD1183A005D197B /* Project.swift */; };
		AD96ED3E2AD13AE4005D197B /* ProjectBoardView.swift in Sources */ = {isa = PBXBuildFile; fileRef = AD96ED3D2AD13AE4005D197B /* ProjectBoardView.swift */; };
		AD96ED402AD1BC17005D197B /* ProjectCreationView.swift in Sources */ = {isa = PBXBuildFile; fileRef = AD96ED3F2AD1BC17005D197B /* ProjectCreationView.swift */; };
		AD96ED422AD1BCAD005D197B /* ProjectItem.swift in Sources */ = {isa = PBXBuildFile; fileRef = AD96ED412AD1BCAD005D197B /* ProjectItem.swift */; };
		AD96ED442AD30312005D197B /* APIError.swift in Sources */ = {isa = PBXBuildFile; fileRef = AD96ED432AD30312005D197B /* APIError.swift */; };
		AD96ED622AD5B005005D197B /* BackgroundView.swift in Sources */ = {isa = PBXBuildFile; fileRef = AD96ED612AD5B005005D197B /* BackgroundView.swift */; };
		AD96ED642AD5BF94005D197B /* SignInWithAppleButtonView.swift in Sources */ = {isa = PBXBuildFile; fileRef = AD96ED632AD5BF94005D197B /* SignInWithAppleButtonView.swift */; };
		AD96ED6C2AD6FBBE005D197B /* PlanBoard.swift in Sources */ = {isa = PBXBuildFile; fileRef = AD96ED6B2AD6FBBE005D197B /* PlanBoard.swift */; };
		ADA3E9CE2AD0790600303958 /* ProjectBoard.swift in Sources */ = {isa = PBXBuildFile; fileRef = ADA3E9CD2AD0790600303958 /* ProjectBoard.swift */; };
		ADA3E9D02AD07AF800303958 /* APIService.swift in Sources */ = {isa = PBXBuildFile; fileRef = ADA3E9CF2AD07AF800303958 /* APIService.swift */; };
		ADACF5F92AC1FB1D008AADFA /* ComposableArchitecture in Frameworks */ = {isa = PBXBuildFile; productRef = ADACF5F82AC1FB1D008AADFA /* ComposableArchitecture */; };
		ADACF60A2AC26CDF008AADFA /* Color+Extension.swift in Sources */ = {isa = PBXBuildFile; fileRef = ADACF6092AC26CDF008AADFA /* Color+Extension.swift */; };
		EE2EF6AA2ADE6626007B94DF /* ProjectItemView.swift in Sources */ = {isa = PBXBuildFile; fileRef = EE2EF6A92ADE6626007B94DF /* ProjectItemView.swift */; };
		EE4ADF5A2AD7CD8900D99AEA /* ProjectBoardSideView.swift in Sources */ = {isa = PBXBuildFile; fileRef = EE4ADF592AD7CD8900D99AEA /* ProjectBoardSideView.swift */; };
		EE4ADF5C2AD7CD9500D99AEA /* ProjectBoardMainView.swift in Sources */ = {isa = PBXBuildFile; fileRef = EE4ADF5B2AD7CD9500D99AEA /* ProjectBoardMainView.swift */; };
		EE5C207C2AE15685005D2D7E /* ProjectSideItemView.swift in Sources */ = {isa = PBXBuildFile; fileRef = EE5C207B2AE15685005D2D7E /* ProjectSideItemView.swift */; };
		EE5C20992AE2B004005D2D7E /* ProjectEditView.swift in Sources */ = {isa = PBXBuildFile; fileRef = EE5C20982AE2B004005D2D7E /* ProjectEditView.swift */; };
		EE909A412AC3CDC700C9AAF0 /* Utils.swift in Sources */ = {isa = PBXBuildFile; fileRef = EE909A402AC3CDC700C9AAF0 /* Utils.swift */; };
		EE909A472AC3CE3C00C9AAF0 /* CalendarLayoutTemp.swift in Sources */ = {isa = PBXBuildFile; fileRef = EE909A462AC3CE3C00C9AAF0 /* CalendarLayoutTemp.swift */; };
		EE909A492AC3CE4500C9AAF0 /* ThinkingLayoutTemp.swift in Sources */ = {isa = PBXBuildFile; fileRef = EE909A482AC3CE4500C9AAF0 /* ThinkingLayoutTemp.swift */; };
		EE909A562AC3CF1200C9AAF0 /* BlackPinkInYourAreaView.swift in Sources */ = {isa = PBXBuildFile; fileRef = EE909A552AC3CF1200C9AAF0 /* BlackPinkInYourAreaView.swift */; };
		EE909A582AC3CF5400C9AAF0 /* TimelineLayoutView.swift in Sources */ = {isa = PBXBuildFile; fileRef = EE909A572AC3CF5400C9AAF0 /* TimelineLayoutView.swift */; };
		EE909A5C2AC3CF9900C9AAF0 /* LineAreaView.swift in Sources */ = {isa = PBXBuildFile; fileRef = EE909A5B2AC3CF9900C9AAF0 /* LineAreaView.swift */; };
		EE909A5E2AC3CFA600C9AAF0 /* LineIndexAreaView.swift in Sources */ = {isa = PBXBuildFile; fileRef = EE909A5D2AC3CFA600C9AAF0 /* LineIndexAreaView.swift */; };
		EE909A602AC3CFAF00C9AAF0 /* TimeAxisAreaView.swift in Sources */ = {isa = PBXBuildFile; fileRef = EE909A5F2AC3CFAF00C9AAF0 /* TimeAxisAreaView.swift */; };
		EE909A622AC3CFB800C9AAF0 /* ScheduleAreaView.swift in Sources */ = {isa = PBXBuildFile; fileRef = EE909A612AC3CFB800C9AAF0 /* ScheduleAreaView.swift */; };
		EE909A642AC3CFCA00C9AAF0 /* RightToolBarAreaView.swift in Sources */ = {isa = PBXBuildFile; fileRef = EE909A632AC3CFCA00C9AAF0 /* RightToolBarAreaView.swift */; };
		EE909A662AC3D10300C9AAF0 /* LeftToolBarAreaView.swift in Sources */ = {isa = PBXBuildFile; fileRef = EE909A652AC3D10300C9AAF0 /* LeftToolBarAreaView.swift */; };
		EE909A6E2AC3D4E900C9AAF0 /* ScheduleIndexAreaView.swift in Sources */ = {isa = PBXBuildFile; fileRef = EE909A6D2AC3D4E900C9AAF0 /* ScheduleIndexAreaView.swift */; };
		EEA539812AC400400000383F /* TimelineLayoutContentView.swift in Sources */ = {isa = PBXBuildFile; fileRef = EEA539802AC400400000383F /* TimelineLayoutContentView.swift */; };
		EED5EC6E2AF21D2700751FAE /* SplashView.swift in Sources */ = {isa = PBXBuildFile; fileRef = EED5EC6D2AF21D2700751FAE /* SplashView.swift */; };
		EED5EC702AF21D4700751FAE /* LoginView.swift in Sources */ = {isa = PBXBuildFile; fileRef = EED5EC6F2AF21D4700751FAE /* LoginView.swift */; };
		EED5EC722AF21D5500751FAE /* LoadingView.swift in Sources */ = {isa = PBXBuildFile; fileRef = EED5EC712AF21D5500751FAE /* LoadingView.swift */; };
		EED5EC742AF21DCF00751FAE /* UserSettingView.swift in Sources */ = {isa = PBXBuildFile; fileRef = EED5EC732AF21DCF00751FAE /* UserSettingView.swift */; };
		EED5EC762AF21DE000751FAE /* NotificationView.swift in Sources */ = {isa = PBXBuildFile; fileRef = EED5EC752AF21DE000751FAE /* NotificationView.swift */; };
		EED5EC782AF21E0E00751FAE /* CreatePlanBoardView.swift in Sources */ = {isa = PBXBuildFile; fileRef = EED5EC772AF21E0E00751FAE /* CreatePlanBoardView.swift */; };
		EED5EC7A2AF21F0900751FAE /* ShareImageView.swift in Sources */ = {isa = PBXBuildFile; fileRef = EED5EC792AF21F0900751FAE /* ShareImageView.swift */; };
		EED5EC7C2AF21F2600751FAE /* BoardSettingView.swift in Sources */ = {isa = PBXBuildFile; fileRef = EED5EC7B2AF21F2600751FAE /* BoardSettingView.swift */; };
		EED5EC802AF2209D00751FAE /* TabBarView.swift in Sources */ = {isa = PBXBuildFile; fileRef = EED5EC7F2AF2209D00751FAE /* TabBarView.swift */; };
		EED5EC822AF2210700751FAE /* RightToolBarView.swift in Sources */ = {isa = PBXBuildFile; fileRef = EED5EC812AF2210700751FAE /* RightToolBarView.swift */; };
		EED5EC842AF2233400751FAE /* CreateFolderView.swift in Sources */ = {isa = PBXBuildFile; fileRef = EED5EC832AF2233400751FAE /* CreateFolderView.swift */; };
		EED5EC8C2AF23FF100751FAE /* ProjectBoardViewDeprecated.swift in Sources */ = {isa = PBXBuildFile; fileRef = EED5EC8B2AF23FF100751FAE /* ProjectBoardViewDeprecated.swift */; };
/* End PBXBuildFile section */

/* Begin PBXFileReference section */
		8A1D0C4D2AC3F76900C7FCF8 /* Info.plist */ = {isa = PBXFileReference; lastKnownFileType = text.plist.xml; path = Info.plist; sourceTree = "<group>"; };
		8A1D0C4F2AC3F79300C7FCF8 /* Font.swift */ = {isa = PBXFileReference; lastKnownFileType = sourcecode.swift; path = Font.swift; sourceTree = "<group>"; };
		8A1D0C532AC3FD0600C7FCF8 /* Pretendard-Thin.otf */ = {isa = PBXFileReference; lastKnownFileType = file; path = "Pretendard-Thin.otf"; sourceTree = "<group>"; };
		8A5162452AC401EF00EEB1B4 /* Pretendard-Regular.otf */ = {isa = PBXFileReference; lastKnownFileType = file; path = "Pretendard-Regular.otf"; sourceTree = "<group>"; };
		8A5162472AC403BB00EEB1B4 /* Lexend-VariableFont_wght.ttf */ = {isa = PBXFileReference; lastKnownFileType = file; path = "Lexend-VariableFont_wght.ttf"; sourceTree = "<group>"; };
		8A5162492AC404E600EEB1B4 /* Pretendard-Bold.otf */ = {isa = PBXFileReference; lastKnownFileType = file; path = "Pretendard-Bold.otf"; sourceTree = "<group>"; };
		8A51624E2AC41D7100EEB1B4 /* en */ = {isa = PBXFileReference; lastKnownFileType = text.plist.strings; name = en; path = en.lproj/Localizable.strings; sourceTree = "<group>"; };
		8A5162502AC41D9800EEB1B4 /* ko */ = {isa = PBXFileReference; lastKnownFileType = text.plist.strings; name = ko; path = ko.lproj/Localizable.strings; sourceTree = "<group>"; };
		8A84F13A2AD2C8150070EC72 /* SelectedGridRange.swift */ = {isa = PBXFileReference; lastKnownFileType = sourcecode.swift; path = SelectedGridRange.swift; sourceTree = "<group>"; };
		8ADAEE4A2ADFC9AC008E6A2B /* SelectedDateRange.swift */ = {isa = PBXFileReference; lastKnownFileType = sourcecode.swift; path = SelectedDateRange.swift; sourceTree = "<group>"; };
		9732FE992AEB9CE500900600 /* ListItemEmptyView.swift */ = {isa = PBXFileReference; lastKnownFileType = sourcecode.swift; path = ListItemEmptyView.swift; sourceTree = "<group>"; };
		975A620A2ACE939900DE31AB /* DateInfo.swift */ = {isa = PBXFileReference; lastKnownFileType = sourcecode.swift; path = DateInfo.swift; sourceTree = "<group>"; };
		975A620C2ACE946A00DE31AB /* Date+Extension.swift */ = {isa = PBXFileReference; lastKnownFileType = sourcecode.swift; path = "Date+Extension.swift"; sourceTree = "<group>"; };
		975A620E2ACE950200DE31AB /* HolidayUtil.swift */ = {isa = PBXFileReference; lastKnownFileType = sourcecode.swift; path = HolidayUtil.swift; sourceTree = "<group>"; };
		975A62122ACE970800DE31AB /* DayGridView.swift */ = {isa = PBXFileReference; lastKnownFileType = sourcecode.swift; path = DayGridView.swift; sourceTree = "<group>"; };
		97806BB42AE15ACC0044FA0C /* ListItemView.swift */ = {isa = PBXFileReference; lastKnownFileType = sourcecode.swift; path = ListItemView.swift; sourceTree = "<group>"; };
		9783F6D72AEFA04100176700 /* FirestoreService.swift */ = {isa = PBXFileReference; lastKnownFileType = sourcecode.swift; path = FirestoreService.swift; sourceTree = "<group>"; };
		9784DB532AECEB88002EB52F /* LayerControlAreaView.swift */ = {isa = PBXFileReference; lastKnownFileType = sourcecode.swift; path = LayerControlAreaView.swift; sourceTree = "<group>"; };
		97C419DB2AE2CAEB00501321 /* ListAreaView.swift */ = {isa = PBXFileReference; lastKnownFileType = sourcecode.swift; path = ListAreaView.swift; sourceTree = "<group>"; };
		AD01D50B2ACC7B5E00474E7A /* String+Extension.swift */ = {isa = PBXFileReference; lastKnownFileType = sourcecode.swift; path = "String+Extension.swift"; sourceTree = "<group>"; };
		AD06C4BD2AD7766200E3CC07 /* PlanType.swift */ = {isa = PBXFileReference; lastKnownFileType = sourcecode.swift; path = PlanType.swift; sourceTree = "<group>"; };
		AD06C4BF2AD7767700E3CC07 /* Plan.swift */ = {isa = PBXFileReference; lastKnownFileType = sourcecode.swift; path = Plan.swift; sourceTree = "<group>"; };
		AD2F7A082ADD5BD2006201AB /* Lane.swift */ = {isa = PBXFileReference; lastKnownFileType = sourcecode.swift; path = Lane.swift; sourceTree = "<group>"; };
		AD52FE992AC95F3300AA001F /* DependencyValues+Extension.swift */ = {isa = PBXFileReference; lastKnownFileType = sourcecode.swift; path = "DependencyValues+Extension.swift"; sourceTree = "<group>"; };
		AD52FE9B2AC95FBB00AA001F /* APIClient.swift */ = {isa = PBXFileReference; lastKnownFileType = sourcecode.swift; path = APIClient.swift; sourceTree = "<group>"; };
		AD52FE9E2AC965EF00AA001F /* User.swift */ = {isa = PBXFileReference; lastKnownFileType = sourcecode.swift; path = User.swift; sourceTree = "<group>"; };
		AD52FEBD2AC9E70E00AA001F /* GoogleService-Info.plist */ = {isa = PBXFileReference; fileEncoding = 4; lastKnownFileType = text.plist.xml; path = "GoogleService-Info.plist"; sourceTree = "<group>"; };
		AD68907C2AC707D800539A5C /* AuthenticationView.swift */ = {isa = PBXFileReference; lastKnownFileType = sourcecode.swift; path = AuthenticationView.swift; sourceTree = "<group>"; };
		AD68907E2AC7F1AD00539A5C /* Authentication.swift */ = {isa = PBXFileReference; lastKnownFileType = sourcecode.swift; path = Authentication.swift; sourceTree = "<group>"; };
		AD8ECB8A2ABC7CA10040A0B8 /* gridy.app */ = {isa = PBXFileReference; explicitFileType = wrapper.application; includeInIndex = 0; path = gridy.app; sourceTree = BUILT_PRODUCTS_DIR; };
		AD8ECB8D2ABC7CA10040A0B8 /* GridyApp.swift */ = {isa = PBXFileReference; lastKnownFileType = sourcecode.swift; path = GridyApp.swift; sourceTree = "<group>"; };
		AD8ECB8F2ABC7CA10040A0B8 /* ContentView.swift */ = {isa = PBXFileReference; lastKnownFileType = sourcecode.swift; path = ContentView.swift; sourceTree = "<group>"; };
		AD8ECB912ABC7CA20040A0B8 /* Assets.xcassets */ = {isa = PBXFileReference; lastKnownFileType = folder.assetcatalog; path = Assets.xcassets; sourceTree = "<group>"; };
		AD8ECB962ABC7CA20040A0B8 /* gridy.entitlements */ = {isa = PBXFileReference; lastKnownFileType = text.plist.entitlements; path = gridy.entitlements; sourceTree = "<group>"; };
		AD96ED3B2AD1183A005D197B /* Project.swift */ = {isa = PBXFileReference; lastKnownFileType = sourcecode.swift; path = Project.swift; sourceTree = "<group>"; };
		AD96ED3D2AD13AE4005D197B /* ProjectBoardView.swift */ = {isa = PBXFileReference; lastKnownFileType = sourcecode.swift; path = ProjectBoardView.swift; sourceTree = "<group>"; };
		AD96ED3F2AD1BC17005D197B /* ProjectCreationView.swift */ = {isa = PBXFileReference; lastKnownFileType = sourcecode.swift; path = ProjectCreationView.swift; sourceTree = "<group>"; };
		AD96ED412AD1BCAD005D197B /* ProjectItem.swift */ = {isa = PBXFileReference; lastKnownFileType = sourcecode.swift; path = ProjectItem.swift; sourceTree = "<group>"; };
		AD96ED432AD30312005D197B /* APIError.swift */ = {isa = PBXFileReference; lastKnownFileType = sourcecode.swift; path = APIError.swift; sourceTree = "<group>"; };
		AD96ED612AD5B005005D197B /* BackgroundView.swift */ = {isa = PBXFileReference; lastKnownFileType = sourcecode.swift; path = BackgroundView.swift; sourceTree = "<group>"; };
		AD96ED632AD5BF94005D197B /* SignInWithAppleButtonView.swift */ = {isa = PBXFileReference; lastKnownFileType = sourcecode.swift; path = SignInWithAppleButtonView.swift; sourceTree = "<group>"; };
		AD96ED6B2AD6FBBE005D197B /* PlanBoard.swift */ = {isa = PBXFileReference; lastKnownFileType = sourcecode.swift; path = PlanBoard.swift; sourceTree = "<group>"; };
		ADA3E9CD2AD0790600303958 /* ProjectBoard.swift */ = {isa = PBXFileReference; lastKnownFileType = sourcecode.swift; path = ProjectBoard.swift; sourceTree = "<group>"; };
		ADA3E9CF2AD07AF800303958 /* APIService.swift */ = {isa = PBXFileReference; lastKnownFileType = sourcecode.swift; path = APIService.swift; sourceTree = "<group>"; };
		ADACF6092AC26CDF008AADFA /* Color+Extension.swift */ = {isa = PBXFileReference; lastKnownFileType = sourcecode.swift; path = "Color+Extension.swift"; sourceTree = "<group>"; };
		EE2EF6A92ADE6626007B94DF /* ProjectItemView.swift */ = {isa = PBXFileReference; lastKnownFileType = sourcecode.swift; path = ProjectItemView.swift; sourceTree = "<group>"; };
		EE4ADF592AD7CD8900D99AEA /* ProjectBoardSideView.swift */ = {isa = PBXFileReference; lastKnownFileType = sourcecode.swift; path = ProjectBoardSideView.swift; sourceTree = "<group>"; };
		EE4ADF5B2AD7CD9500D99AEA /* ProjectBoardMainView.swift */ = {isa = PBXFileReference; lastKnownFileType = sourcecode.swift; path = ProjectBoardMainView.swift; sourceTree = "<group>"; };
		EE5C207B2AE15685005D2D7E /* ProjectSideItemView.swift */ = {isa = PBXFileReference; lastKnownFileType = sourcecode.swift; path = ProjectSideItemView.swift; sourceTree = "<group>"; };
		EE5C20982AE2B004005D2D7E /* ProjectEditView.swift */ = {isa = PBXFileReference; lastKnownFileType = sourcecode.swift; path = ProjectEditView.swift; sourceTree = "<group>"; };
		EE909A402AC3CDC700C9AAF0 /* Utils.swift */ = {isa = PBXFileReference; lastKnownFileType = sourcecode.swift; path = Utils.swift; sourceTree = "<group>"; };
		EE909A462AC3CE3C00C9AAF0 /* CalendarLayoutTemp.swift */ = {isa = PBXFileReference; lastKnownFileType = sourcecode.swift; path = CalendarLayoutTemp.swift; sourceTree = "<group>"; };
		EE909A482AC3CE4500C9AAF0 /* ThinkingLayoutTemp.swift */ = {isa = PBXFileReference; lastKnownFileType = sourcecode.swift; path = ThinkingLayoutTemp.swift; sourceTree = "<group>"; };
		EE909A552AC3CF1200C9AAF0 /* BlackPinkInYourAreaView.swift */ = {isa = PBXFileReference; lastKnownFileType = sourcecode.swift; path = BlackPinkInYourAreaView.swift; sourceTree = "<group>"; };
		EE909A572AC3CF5400C9AAF0 /* TimelineLayoutView.swift */ = {isa = PBXFileReference; lastKnownFileType = sourcecode.swift; path = TimelineLayoutView.swift; sourceTree = "<group>"; };
		EE909A5B2AC3CF9900C9AAF0 /* LineAreaView.swift */ = {isa = PBXFileReference; lastKnownFileType = sourcecode.swift; path = LineAreaView.swift; sourceTree = "<group>"; };
		EE909A5D2AC3CFA600C9AAF0 /* LineIndexAreaView.swift */ = {isa = PBXFileReference; lastKnownFileType = sourcecode.swift; path = LineIndexAreaView.swift; sourceTree = "<group>"; };
		EE909A5F2AC3CFAF00C9AAF0 /* TimeAxisAreaView.swift */ = {isa = PBXFileReference; lastKnownFileType = sourcecode.swift; path = TimeAxisAreaView.swift; sourceTree = "<group>"; };
		EE909A612AC3CFB800C9AAF0 /* ScheduleAreaView.swift */ = {isa = PBXFileReference; lastKnownFileType = sourcecode.swift; path = ScheduleAreaView.swift; sourceTree = "<group>"; };
		EE909A632AC3CFCA00C9AAF0 /* RightToolBarAreaView.swift */ = {isa = PBXFileReference; lastKnownFileType = sourcecode.swift; path = RightToolBarAreaView.swift; sourceTree = "<group>"; };
		EE909A652AC3D10300C9AAF0 /* LeftToolBarAreaView.swift */ = {isa = PBXFileReference; lastKnownFileType = sourcecode.swift; path = LeftToolBarAreaView.swift; sourceTree = "<group>"; };
		EE909A6D2AC3D4E900C9AAF0 /* ScheduleIndexAreaView.swift */ = {isa = PBXFileReference; lastKnownFileType = sourcecode.swift; path = ScheduleIndexAreaView.swift; sourceTree = "<group>"; };
		EEA539802AC400400000383F /* TimelineLayoutContentView.swift */ = {isa = PBXFileReference; lastKnownFileType = sourcecode.swift; path = TimelineLayoutContentView.swift; sourceTree = "<group>"; };
		EED5EC6D2AF21D2700751FAE /* SplashView.swift */ = {isa = PBXFileReference; lastKnownFileType = sourcecode.swift; path = SplashView.swift; sourceTree = "<group>"; };
		EED5EC6F2AF21D4700751FAE /* LoginView.swift */ = {isa = PBXFileReference; lastKnownFileType = sourcecode.swift; path = LoginView.swift; sourceTree = "<group>"; };
		EED5EC712AF21D5500751FAE /* LoadingView.swift */ = {isa = PBXFileReference; lastKnownFileType = sourcecode.swift; path = LoadingView.swift; sourceTree = "<group>"; };
		EED5EC732AF21DCF00751FAE /* UserSettingView.swift */ = {isa = PBXFileReference; lastKnownFileType = sourcecode.swift; path = UserSettingView.swift; sourceTree = "<group>"; };
		EED5EC752AF21DE000751FAE /* NotificationView.swift */ = {isa = PBXFileReference; lastKnownFileType = sourcecode.swift; path = NotificationView.swift; sourceTree = "<group>"; };
		EED5EC772AF21E0E00751FAE /* CreatePlanBoardView.swift */ = {isa = PBXFileReference; lastKnownFileType = sourcecode.swift; path = CreatePlanBoardView.swift; sourceTree = "<group>"; };
		EED5EC792AF21F0900751FAE /* ShareImageView.swift */ = {isa = PBXFileReference; lastKnownFileType = sourcecode.swift; path = ShareImageView.swift; sourceTree = "<group>"; };
		EED5EC7B2AF21F2600751FAE /* BoardSettingView.swift */ = {isa = PBXFileReference; lastKnownFileType = sourcecode.swift; path = BoardSettingView.swift; sourceTree = "<group>"; };
		EED5EC7F2AF2209D00751FAE /* TabBarView.swift */ = {isa = PBXFileReference; lastKnownFileType = sourcecode.swift; path = TabBarView.swift; sourceTree = "<group>"; };
		EED5EC812AF2210700751FAE /* RightToolBarView.swift */ = {isa = PBXFileReference; lastKnownFileType = sourcecode.swift; path = RightToolBarView.swift; sourceTree = "<group>"; };
		EED5EC832AF2233400751FAE /* CreateFolderView.swift */ = {isa = PBXFileReference; lastKnownFileType = sourcecode.swift; path = CreateFolderView.swift; sourceTree = "<group>"; };
		EED5EC8B2AF23FF100751FAE /* ProjectBoardViewDeprecated.swift */ = {isa = PBXFileReference; lastKnownFileType = sourcecode.swift; path = ProjectBoardViewDeprecated.swift; sourceTree = "<group>"; };
/* End PBXFileReference section */

/* Begin PBXFrameworksBuildPhase section */
		AD8ECB872ABC7CA10040A0B8 /* Frameworks */ = {
			isa = PBXFrameworksBuildPhase;
			buildActionMask = 2147483647;
			files = (
				AD3DF4992ACD8F8C00F619DE /* FirebaseDatabaseSwift in Frameworks */,
				AD3DF48F2ACD8F8C00F619DE /* FirebaseAnalyticsSwift in Frameworks */,
				AD3DF48D2ACD8F8C00F619DE /* FirebaseAnalytics in Frameworks */,
				AD3DF4A12ACD8F8C00F619DE /* FirebaseFunctions in Frameworks */,
				AD3DF49D2ACD8F8C00F619DE /* FirebaseFirestore in Frameworks */,
				ADACF5F92AC1FB1D008AADFA /* ComposableArchitecture in Frameworks */,
				AD3DF49F2ACD8F8C00F619DE /* FirebaseFirestoreSwift in Frameworks */,
				AD3DF4952ACD8F8C00F619DE /* FirebaseCrashlytics in Frameworks */,
				AD3DF4A32ACD8F8C00F619DE /* FirebaseStorage in Frameworks */,
				AD3DF49B2ACD8F8C00F619DE /* FirebaseDynamicLinks in Frameworks */,
				AD3DF4912ACD8F8C00F619DE /* FirebaseAuth in Frameworks */,
				AD3DF4972ACD8F8C00F619DE /* FirebaseDatabase in Frameworks */,
				AD3DF4932ACD8F8C00F619DE /* FirebaseAuthCombine-Community in Frameworks */,
			);
			runOnlyForDeploymentPostprocessing = 0;
		};
/* End PBXFrameworksBuildPhase section */

/* Begin PBXGroup section */
		8A1D0C4E2AC3F78200C7FCF8 /* Fonts */ = {
			isa = PBXGroup;
			children = (
				8A5162472AC403BB00EEB1B4 /* Lexend-VariableFont_wght.ttf */,
				8A1D0C532AC3FD0600C7FCF8 /* Pretendard-Thin.otf */,
				8A5162452AC401EF00EEB1B4 /* Pretendard-Regular.otf */,
				8A5162492AC404E600EEB1B4 /* Pretendard-Bold.otf */,
			);
			path = Fonts;
			sourceTree = "<group>";
		};
		975A62092ACE930500DE31AB /* Models */ = {
			isa = PBXGroup;
			children = (
				AD52FE9E2AC965EF00AA001F /* User.swift */,
				975A620A2ACE939900DE31AB /* DateInfo.swift */,
				AD96ED3B2AD1183A005D197B /* Project.swift */,
				AD06C4BF2AD7767700E3CC07 /* Plan.swift */,
				AD06C4BD2AD7766200E3CC07 /* PlanType.swift */,
				AD2F7A082ADD5BD2006201AB /* Lane.swift */,
			);
			path = Models;
			sourceTree = "<group>";
		};
		9784DB522AECEB66002EB52F /* LayerControlArea */ = {
			isa = PBXGroup;
			children = (
				9784DB532AECEB88002EB52F /* LayerControlAreaView.swift */,
			);
			path = LayerControlArea;
			sourceTree = "<group>";
		};
		AD68907B2AC707AE00539A5C /* Authentication */ = {
			isa = PBXGroup;
			children = (
				AD68907C2AC707D800539A5C /* AuthenticationView.swift */,
				AD68907E2AC7F1AD00539A5C /* Authentication.swift */,
				AD96ED632AD5BF94005D197B /* SignInWithAppleButtonView.swift */,
			);
			path = Authentication;
			sourceTree = "<group>";
		};
		AD8ECB812ABC7CA10040A0B8 = {
			isa = PBXGroup;
			children = (
				AD8ECB8C2ABC7CA10040A0B8 /* gridy */,
				AD8ECB8B2ABC7CA10040A0B8 /* Products */,
			);
			sourceTree = "<group>";
		};
		AD8ECB8B2ABC7CA10040A0B8 /* Products */ = {
			isa = PBXGroup;
			children = (
				AD8ECB8A2ABC7CA10040A0B8 /* gridy.app */,
			);
			name = Products;
			sourceTree = "<group>";
		};
		AD8ECB8C2ABC7CA10040A0B8 /* gridy */ = {
			isa = PBXGroup;
			children = (
				AD52FEBD2AC9E70E00AA001F /* GoogleService-Info.plist */,
				8A1D0C4D2AC3F76900C7FCF8 /* Info.plist */,
				AD8ECB9D2ABC7CC00040A0B8 /* Sources */,
				AD8ECB9E2ABC7CC80040A0B8 /* Resources */,
			);
			path = gridy;
			sourceTree = "<group>";
		};
		AD8ECB9D2ABC7CC00040A0B8 /* Sources */ = {
			isa = PBXGroup;
			children = (
				EED5EC8A2AF23FD200751FAE /* Deprecated */,
				975A62092ACE930500DE31AB /* Models */,
				ADACF5FA2AC20133008AADFA /* Presentations */,
				ADACF6002AC25AF3008AADFA /* Network */,
				EE909A3F2AC3CDBF00C9AAF0 /* Utils */,
				ADACF6052AC26C4D008AADFA /* Extensions */,
				AD8ECB8D2ABC7CA10040A0B8 /* GridyApp.swift */,
				AD8ECB8F2ABC7CA10040A0B8 /* ContentView.swift */,
			);
			path = Sources;
			sourceTree = "<group>";
		};
		AD8ECB9E2ABC7CC80040A0B8 /* Resources */ = {
			isa = PBXGroup;
			children = (
				8A51624F2AC41D7100EEB1B4 /* Localizable.strings */,
				8A1D0C4E2AC3F78200C7FCF8 /* Fonts */,
				AD8ECB912ABC7CA20040A0B8 /* Assets.xcassets */,
				AD8ECB962ABC7CA20040A0B8 /* gridy.entitlements */,
			);
			path = Resources;
			sourceTree = "<group>";
		};
		ADA3E9CC2AD078E300303958 /* ProjectBoard */ = {
			isa = PBXGroup;
			children = (
				AD96ED3D2AD13AE4005D197B /* ProjectBoardView.swift */,
				EED5EC732AF21DCF00751FAE /* UserSettingView.swift */,
				EED5EC832AF2233400751FAE /* CreateFolderView.swift */,
				EED5EC772AF21E0E00751FAE /* CreatePlanBoardView.swift */,
				ADA3E9CD2AD0790600303958 /* ProjectBoard.swift */,
				AD96ED412AD1BCAD005D197B /* ProjectItem.swift */,
				EE2EF6A92ADE6626007B94DF /* ProjectItemView.swift */,
				AD96ED3F2AD1BC17005D197B /* ProjectCreationView.swift */,
				EE5C20982AE2B004005D2D7E /* ProjectEditView.swift */,
				EE5C207B2AE15685005D2D7E /* ProjectSideItemView.swift */,
				EE4ADF592AD7CD8900D99AEA /* ProjectBoardSideView.swift */,
				EE4ADF5B2AD7CD9500D99AEA /* ProjectBoardMainView.swift */,
			);
			path = ProjectBoard;
			sourceTree = "<group>";
		};
		ADACF5FA2AC20133008AADFA /* Presentations */ = {
			isa = PBXGroup;
			children = (
				EE909A692AC3D20D00C9AAF0 /* Common */,
				ADA3E9CC2AD078E300303958 /* ProjectBoard */,
				EE909A422AC3CDEC00C9AAF0 /* PlanBoard */,
				AD68907B2AC707AE00539A5C /* Authentication */,
			);
			path = Presentations;
			sourceTree = "<group>";
		};
		ADACF6002AC25AF3008AADFA /* Network */ = {
			isa = PBXGroup;
			children = (
				AD52FE9B2AC95FBB00AA001F /* APIClient.swift */,
				ADA3E9CF2AD07AF800303958 /* APIService.swift */,
				9783F6D72AEFA04100176700 /* FirestoreService.swift */,
				AD96ED432AD30312005D197B /* APIError.swift */,
			);
			path = Network;
			sourceTree = "<group>";
		};
		ADACF6052AC26C4D008AADFA /* Extensions */ = {
			isa = PBXGroup;
			children = (
				ADACF6092AC26CDF008AADFA /* Color+Extension.swift */,
				AD52FE992AC95F3300AA001F /* DependencyValues+Extension.swift */,
				AD01D50B2ACC7B5E00474E7A /* String+Extension.swift */,
				8A1D0C4F2AC3F79300C7FCF8 /* Font.swift */,
				975A620C2ACE946A00DE31AB /* Date+Extension.swift */,
			);
			path = Extensions;
			sourceTree = "<group>";
		};
		EE909A3F2AC3CDBF00C9AAF0 /* Utils */ = {
			isa = PBXGroup;
			children = (
				EE909A402AC3CDC700C9AAF0 /* Utils.swift */,
				975A620E2ACE950200DE31AB /* HolidayUtil.swift */,
			);
			path = Utils;
			sourceTree = "<group>";
		};
		EE909A422AC3CDEC00C9AAF0 /* PlanBoard */ = {
			isa = PBXGroup;
			children = (
				EE909A572AC3CF5400C9AAF0 /* TimelineLayoutView.swift */,
				EED5EC792AF21F0900751FAE /* ShareImageView.swift */,
				EED5EC812AF2210700751FAE /* RightToolBarView.swift */,
				EED5EC7B2AF21F2600751FAE /* BoardSettingView.swift */,
				EE909A452AC3CE1700C9AAF0 /* TimelineLayout */,
				AD96ED6B2AD6FBBE005D197B /* PlanBoard.swift */,
				EE909A442AC3CE0800C9AAF0 /* CalendarLayout */,
				EE909A432AC3CDF800C9AAF0 /* ThinkingLayout */,
			);
			path = PlanBoard;
			sourceTree = "<group>";
		};
		EE909A432AC3CDF800C9AAF0 /* ThinkingLayout */ = {
			isa = PBXGroup;
			children = (
				EE909A482AC3CE4500C9AAF0 /* ThinkingLayoutTemp.swift */,
			);
			path = ThinkingLayout;
			sourceTree = "<group>";
		};
		EE909A442AC3CE0800C9AAF0 /* CalendarLayout */ = {
			isa = PBXGroup;
			children = (
				EE909A462AC3CE3C00C9AAF0 /* CalendarLayoutTemp.swift */,
			);
			path = CalendarLayout;
			sourceTree = "<group>";
		};
		EE909A452AC3CE1700C9AAF0 /* TimelineLayout */ = {
			isa = PBXGroup;
			children = (
				EEA539802AC400400000383F /* TimelineLayoutContentView.swift */,
				EE909A632AC3CFCA00C9AAF0 /* RightToolBarAreaView.swift */,
				EE909A522AC3CECD00C9AAF0 /* BlackPinkInYourArea */,
				9784DB522AECEB66002EB52F /* LayerControlArea */,
				EE909A512AC3CEC600C9AAF0 /* ListArea */,
				EE909A502AC3CEBE00C9AAF0 /* LineArea */,
				EE909A4F2AC3CEAE00C9AAF0 /* LineIndexArea */,
				EE909A4E2AC3CEA300C9AAF0 /* TimeAxisArea */,
				EE909A6C2AC3D4C300C9AAF0 /* ScheduleIndexArea */,
				EE909A4D2AC3CE9C00C9AAF0 /* ScheduleArea */,
				EE909A4C2AC3CE9400C9AAF0 /* RightToolBarArea */,
				EE909A4B2AC3CE8800C9AAF0 /* LeftToolBarArea */,
			);
			path = TimelineLayout;
			sourceTree = "<group>";
		};
		EE909A4B2AC3CE8800C9AAF0 /* LeftToolBarArea */ = {
			isa = PBXGroup;
			children = (
				EE909A652AC3D10300C9AAF0 /* LeftToolBarAreaView.swift */,
			);
			path = LeftToolBarArea;
			sourceTree = "<group>";
		};
		EE909A4C2AC3CE9400C9AAF0 /* RightToolBarArea */ = {
			isa = PBXGroup;
			children = (
			);
			path = RightToolBarArea;
			sourceTree = "<group>";
		};
		EE909A4D2AC3CE9C00C9AAF0 /* ScheduleArea */ = {
			isa = PBXGroup;
			children = (
				EE909A612AC3CFB800C9AAF0 /* ScheduleAreaView.swift */,
			);
			path = ScheduleArea;
			sourceTree = "<group>";
		};
		EE909A4E2AC3CEA300C9AAF0 /* TimeAxisArea */ = {
			isa = PBXGroup;
			children = (
				EE909A5F2AC3CFAF00C9AAF0 /* TimeAxisAreaView.swift */,
				975A62122ACE970800DE31AB /* DayGridView.swift */,
			);
			path = TimeAxisArea;
			sourceTree = "<group>";
		};
		EE909A4F2AC3CEAE00C9AAF0 /* LineIndexArea */ = {
			isa = PBXGroup;
			children = (
				EE909A5D2AC3CFA600C9AAF0 /* LineIndexAreaView.swift */,
			);
			path = LineIndexArea;
			sourceTree = "<group>";
		};
		EE909A502AC3CEBE00C9AAF0 /* LineArea */ = {
			isa = PBXGroup;
			children = (
				EE909A5B2AC3CF9900C9AAF0 /* LineAreaView.swift */,
			);
			path = LineArea;
			sourceTree = "<group>";
		};
		EE909A512AC3CEC600C9AAF0 /* ListArea */ = {
			isa = PBXGroup;
			children = (
				97C419DB2AE2CAEB00501321 /* ListAreaView.swift */,
				97806BB42AE15ACC0044FA0C /* ListItemView.swift */,
				9732FE992AEB9CE500900600 /* ListItemEmptyView.swift */,
			);
			path = ListArea;
			sourceTree = "<group>";
		};
		EE909A522AC3CECD00C9AAF0 /* BlackPinkInYourArea */ = {
			isa = PBXGroup;
			children = (
				EE909A552AC3CF1200C9AAF0 /* BlackPinkInYourAreaView.swift */,
			);
			path = BlackPinkInYourArea;
			sourceTree = "<group>";
		};
		EE909A692AC3D20D00C9AAF0 /* Common */ = {
			isa = PBXGroup;
			children = (
				EED5EC6D2AF21D2700751FAE /* SplashView.swift */,
				EED5EC6F2AF21D4700751FAE /* LoginView.swift */,
				EED5EC712AF21D5500751FAE /* LoadingView.swift */,
				EED5EC7F2AF2209D00751FAE /* TabBarView.swift */,
				EED5EC752AF21DE000751FAE /* NotificationView.swift */,
				8A84F13A2AD2C8150070EC72 /* SelectedGridRange.swift */,
				8ADAEE4A2ADFC9AC008E6A2B /* SelectedDateRange.swift */,
				AD96ED612AD5B005005D197B /* BackgroundView.swift */,
			);
			path = Common;
			sourceTree = "<group>";
		};
		EE909A6C2AC3D4C300C9AAF0 /* ScheduleIndexArea */ = {
			isa = PBXGroup;
			children = (
				EE909A6D2AC3D4E900C9AAF0 /* ScheduleIndexAreaView.swift */,
			);
			path = ScheduleIndexArea;
			sourceTree = "<group>";
		};
		EED5EC8A2AF23FD200751FAE /* Deprecated */ = {
			isa = PBXGroup;
			children = (
				EED5EC8B2AF23FF100751FAE /* ProjectBoardViewDeprecated.swift */,
			);
			path = Deprecated;
			sourceTree = "<group>";
		};
/* End PBXGroup section */

/* Begin PBXNativeTarget section */
		AD8ECB892ABC7CA10040A0B8 /* gridy */ = {
			isa = PBXNativeTarget;
			buildConfigurationList = AD8ECB992ABC7CA20040A0B8 /* Build configuration list for PBXNativeTarget "gridy" */;
			buildPhases = (
				AD8ECB9F2ABC8E6A0040A0B8 /* SwiftLint Script */,
				AD8ECB862ABC7CA10040A0B8 /* Sources */,
				AD8ECB872ABC7CA10040A0B8 /* Frameworks */,
				AD8ECB882ABC7CA10040A0B8 /* Resources */,
			);
			buildRules = (
			);
			dependencies = (
			);
			name = gridy;
			packageProductDependencies = (
				ADACF5F82AC1FB1D008AADFA /* ComposableArchitecture */,
				AD3DF48C2ACD8F8C00F619DE /* FirebaseAnalytics */,
				AD3DF48E2ACD8F8C00F619DE /* FirebaseAnalyticsSwift */,
				AD3DF4902ACD8F8C00F619DE /* FirebaseAuth */,
				AD3DF4922ACD8F8C00F619DE /* FirebaseAuthCombine-Community */,
				AD3DF4942ACD8F8C00F619DE /* FirebaseCrashlytics */,
				AD3DF4962ACD8F8C00F619DE /* FirebaseDatabase */,
				AD3DF4982ACD8F8C00F619DE /* FirebaseDatabaseSwift */,
				AD3DF49A2ACD8F8C00F619DE /* FirebaseDynamicLinks */,
				AD3DF49C2ACD8F8C00F619DE /* FirebaseFirestore */,
				AD3DF49E2ACD8F8C00F619DE /* FirebaseFirestoreSwift */,
				AD3DF4A02ACD8F8C00F619DE /* FirebaseFunctions */,
				AD3DF4A22ACD8F8C00F619DE /* FirebaseStorage */,
			);
			productName = gridy;
			productReference = AD8ECB8A2ABC7CA10040A0B8 /* gridy.app */;
			productType = "com.apple.product-type.application";
		};
/* End PBXNativeTarget section */

/* Begin PBXProject section */
		AD8ECB822ABC7CA10040A0B8 /* Project object */ = {
			isa = PBXProject;
			attributes = {
				BuildIndependentTargetsInParallel = 1;
				LastSwiftUpdateCheck = 1420;
				LastUpgradeCheck = 1420;
				TargetAttributes = {
					AD8ECB892ABC7CA10040A0B8 = {
						CreatedOnToolsVersion = 14.2;
					};
				};
			};
			buildConfigurationList = AD8ECB852ABC7CA10040A0B8 /* Build configuration list for PBXProject "gridy" */;
			compatibilityVersion = "Xcode 14.0";
			developmentRegion = en;
			hasScannedForEncodings = 0;
			knownRegions = (
				en,
				Base,
				ko,
			);
			mainGroup = AD8ECB812ABC7CA10040A0B8;
			packageReferences = (
				ADACF5F72AC1FB1D008AADFA /* XCRemoteSwiftPackageReference "swift-composable-architecture" */,
				AD3DF48B2ACD8F8C00F619DE /* XCRemoteSwiftPackageReference "firebase-ios-sdk" */,
			);
			productRefGroup = AD8ECB8B2ABC7CA10040A0B8 /* Products */;
			projectDirPath = "";
			projectRoot = "";
			targets = (
				AD8ECB892ABC7CA10040A0B8 /* gridy */,
			);
		};
/* End PBXProject section */

/* Begin PBXResourcesBuildPhase section */
		AD8ECB882ABC7CA10040A0B8 /* Resources */ = {
			isa = PBXResourcesBuildPhase;
			buildActionMask = 2147483647;
			files = (
				AD8ECB922ABC7CA20040A0B8 /* Assets.xcassets in Resources */,
				AD52FEBE2AC9E70E00AA001F /* GoogleService-Info.plist in Resources */,
				8A5162482AC403BB00EEB1B4 /* Lexend-VariableFont_wght.ttf in Resources */,
				8A51624A2AC404E600EEB1B4 /* Pretendard-Bold.otf in Resources */,
				8A5162462AC401EF00EEB1B4 /* Pretendard-Regular.otf in Resources */,
				8A51624D2AC41D7100EEB1B4 /* Localizable.strings in Resources */,
				8A1D0C542AC3FD0600C7FCF8 /* Pretendard-Thin.otf in Resources */,
			);
			runOnlyForDeploymentPostprocessing = 0;
		};
/* End PBXResourcesBuildPhase section */

/* Begin PBXShellScriptBuildPhase section */
		AD8ECB9F2ABC8E6A0040A0B8 /* SwiftLint Script */ = {
			isa = PBXShellScriptBuildPhase;
			alwaysOutOfDate = 1;
			buildActionMask = 2147483647;
			files = (
			);
			inputFileListPaths = (
			);
			inputPaths = (
			);
			name = "SwiftLint Script";
			outputFileListPaths = (
			);
			outputPaths = (
			);
			runOnlyForDeploymentPostprocessing = 0;
			shellPath = /bin/sh;
			shellScript = "if test -d \"/opt/homebrew/bin/\"; then\n  PATH=\"/opt/homebrew/bin/:${PATH}\"\nfi\n\nexport PATH\n\nif which swiftlint >/dev/null; then\n  swiftlint\nelse\n  echo \"warning: SwiftLint not installed, download from https://github.com/realm/SwiftLint\"\nfi\n";
		};
/* End PBXShellScriptBuildPhase section */

/* Begin PBXSourcesBuildPhase section */
		AD8ECB862ABC7CA10040A0B8 /* Sources */ = {
			isa = PBXSourcesBuildPhase;
			buildActionMask = 2147483647;
			files = (
				AD52FE9F2AC965EF00AA001F /* User.swift in Sources */,
				AD96ED642AD5BF94005D197B /* SignInWithAppleButtonView.swift in Sources */,
				AD2F7A092ADD5BD2006201AB /* Lane.swift in Sources */,
				9784DB542AECEB88002EB52F /* LayerControlAreaView.swift in Sources */,
				EE909A6E2AC3D4E900C9AAF0 /* ScheduleIndexAreaView.swift in Sources */,
				8A1D0C502AC3F79300C7FCF8 /* Font.swift in Sources */,
				ADA3E9D02AD07AF800303958 /* APIService.swift in Sources */,
				9783F6D82AEFA04100176700 /* FirestoreService.swift in Sources */,
				EE5C207C2AE15685005D2D7E /* ProjectSideItemView.swift in Sources */,
				AD8ECB902ABC7CA10040A0B8 /* ContentView.swift in Sources */,
				AD52FE9C2AC95FBB00AA001F /* APIClient.swift in Sources */,
				EED5EC6E2AF21D2700751FAE /* SplashView.swift in Sources */,
				EED5EC8C2AF23FF100751FAE /* ProjectBoardViewDeprecated.swift in Sources */,
				AD96ED6C2AD6FBBE005D197B /* PlanBoard.swift in Sources */,
				EE909A582AC3CF5400C9AAF0 /* TimelineLayoutView.swift in Sources */,
				ADACF60A2AC26CDF008AADFA /* Color+Extension.swift in Sources */,
				EE909A472AC3CE3C00C9AAF0 /* CalendarLayoutTemp.swift in Sources */,
				EED5EC7C2AF21F2600751FAE /* BoardSettingView.swift in Sources */,
				EED5EC722AF21D5500751FAE /* LoadingView.swift in Sources */,
				97806BB52AE15ACC0044FA0C /* ListItemView.swift in Sources */,
				ADA3E9CE2AD0790600303958 /* ProjectBoard.swift in Sources */,
				EE909A5C2AC3CF9900C9AAF0 /* LineAreaView.swift in Sources */,
				AD68907F2AC7F1AD00539A5C /* Authentication.swift in Sources */,
				EE909A562AC3CF1200C9AAF0 /* BlackPinkInYourAreaView.swift in Sources */,
				EED5EC782AF21E0E00751FAE /* CreatePlanBoardView.swift in Sources */,
				EED5EC802AF2209D00751FAE /* TabBarView.swift in Sources */,
				EED5EC702AF21D4700751FAE /* LoginView.swift in Sources */,
				EED5EC762AF21DE000751FAE /* NotificationView.swift in Sources */,
				AD06C4C02AD7767700E3CC07 /* Plan.swift in Sources */,
				AD96ED422AD1BCAD005D197B /* ProjectItem.swift in Sources */,
				EE909A602AC3CFAF00C9AAF0 /* TimeAxisAreaView.swift in Sources */,
				AD96ED402AD1BC17005D197B /* ProjectCreationView.swift in Sources */,
				EE909A622AC3CFB800C9AAF0 /* ScheduleAreaView.swift in Sources */,
				EE2EF6AA2ADE6626007B94DF /* ProjectItemView.swift in Sources */,
				975A620D2ACE946A00DE31AB /* Date+Extension.swift in Sources */,
				EE909A662AC3D10300C9AAF0 /* LeftToolBarAreaView.swift in Sources */,
				9732FE9A2AEB9CE500900600 /* ListItemEmptyView.swift in Sources */,
				AD96ED622AD5B005005D197B /* BackgroundView.swift in Sources */,
				EED5EC742AF21DCF00751FAE /* UserSettingView.swift in Sources */,
				975A620B2ACE939900DE31AB /* DateInfo.swift in Sources */,
				EE4ADF5C2AD7CD9500D99AEA /* ProjectBoardMainView.swift in Sources */,
				EE5C20992AE2B004005D2D7E /* ProjectEditView.swift in Sources */,
				EEA539812AC400400000383F /* TimelineLayoutContentView.swift in Sources */,
				8A84F13B2AD2C8150070EC72 /* SelectedGridRange.swift in Sources */,
				AD96ED442AD30312005D197B /* APIError.swift in Sources */,
				EE909A492AC3CE4500C9AAF0 /* ThinkingLayoutTemp.swift in Sources */,
				97C419DC2AE2CAEB00501321 /* ListAreaView.swift in Sources */,
				AD01D50C2ACC7B5E00474E7A /* String+Extension.swift in Sources */,
				EED5EC822AF2210700751FAE /* RightToolBarView.swift in Sources */,
				8ADAEE4B2ADFC9AC008E6A2B /* SelectedDateRange.swift in Sources */,
				EE4ADF5A2AD7CD8900D99AEA /* ProjectBoardSideView.swift in Sources */,
				EED5EC842AF2233400751FAE /* CreateFolderView.swift in Sources */,
				EED5EC7A2AF21F0900751FAE /* ShareImageView.swift in Sources */,
				AD8ECB8E2ABC7CA10040A0B8 /* GridyApp.swift in Sources */,
				AD06C4BE2AD7766200E3CC07 /* PlanType.swift in Sources */,
				EE909A5E2AC3CFA600C9AAF0 /* LineIndexAreaView.swift in Sources */,
				975A62132ACE970800DE31AB /* DayGridView.swift in Sources */,
				EE909A412AC3CDC700C9AAF0 /* Utils.swift in Sources */,
				AD52FE9A2AC95F3300AA001F /* DependencyValues+Extension.swift in Sources */,
				AD96ED3E2AD13AE4005D197B /* ProjectBoardView.swift in Sources */,
				AD68907D2AC707D800539A5C /* AuthenticationView.swift in Sources */,
				EE909A642AC3CFCA00C9AAF0 /* RightToolBarAreaView.swift in Sources */,
				975A620F2ACE950200DE31AB /* HolidayUtil.swift in Sources */,
				AD96ED3C2AD1183A005D197B /* Project.swift in Sources */,
			);
			runOnlyForDeploymentPostprocessing = 0;
		};
/* End PBXSourcesBuildPhase section */

/* Begin PBXVariantGroup section */
		8A51624F2AC41D7100EEB1B4 /* Localizable.strings */ = {
			isa = PBXVariantGroup;
			children = (
				8A51624E2AC41D7100EEB1B4 /* en */,
				8A5162502AC41D9800EEB1B4 /* ko */,
			);
			name = Localizable.strings;
			sourceTree = "<group>";
		};
/* End PBXVariantGroup section */

/* Begin XCBuildConfiguration section */
		AD8ECB972ABC7CA20040A0B8 /* Debug */ = {
			isa = XCBuildConfiguration;
			buildSettings = {
				ALWAYS_SEARCH_USER_PATHS = NO;
				CLANG_ANALYZER_LOCALIZABILITY_NONLOCALIZED = YES;
				CLANG_ANALYZER_NONNULL = YES;
				CLANG_ANALYZER_NUMBER_OBJECT_CONVERSION = YES_AGGRESSIVE;
				CLANG_CXX_LANGUAGE_STANDARD = "gnu++20";
				CLANG_ENABLE_MODULES = YES;
				CLANG_ENABLE_OBJC_ARC = YES;
				CLANG_ENABLE_OBJC_WEAK = YES;
				CLANG_WARN_BLOCK_CAPTURE_AUTORELEASING = YES;
				CLANG_WARN_BOOL_CONVERSION = YES;
				CLANG_WARN_COMMA = YES;
				CLANG_WARN_CONSTANT_CONVERSION = YES;
				CLANG_WARN_DEPRECATED_OBJC_IMPLEMENTATIONS = YES;
				CLANG_WARN_DIRECT_OBJC_ISA_USAGE = YES_ERROR;
				CLANG_WARN_DOCUMENTATION_COMMENTS = YES;
				CLANG_WARN_EMPTY_BODY = YES;
				CLANG_WARN_ENUM_CONVERSION = YES;
				CLANG_WARN_INFINITE_RECURSION = YES;
				CLANG_WARN_INT_CONVERSION = YES;
				CLANG_WARN_NON_LITERAL_NULL_CONVERSION = YES;
				CLANG_WARN_OBJC_IMPLICIT_RETAIN_SELF = YES;
				CLANG_WARN_OBJC_LITERAL_CONVERSION = YES;
				CLANG_WARN_OBJC_ROOT_CLASS = YES_ERROR;
				CLANG_WARN_QUOTED_INCLUDE_IN_FRAMEWORK_HEADER = YES;
				CLANG_WARN_RANGE_LOOP_ANALYSIS = YES;
				CLANG_WARN_STRICT_PROTOTYPES = YES;
				CLANG_WARN_SUSPICIOUS_MOVE = YES;
				CLANG_WARN_UNGUARDED_AVAILABILITY = YES_AGGRESSIVE;
				CLANG_WARN_UNREACHABLE_CODE = YES;
				CLANG_WARN__DUPLICATE_METHOD_MATCH = YES;
				CODE_SIGN_IDENTITY = "Apple Development";
				CODE_SIGN_STYLE = Automatic;
				COPY_PHASE_STRIP = NO;
				DEBUG_INFORMATION_FORMAT = dwarf;
				ENABLE_STRICT_OBJC_MSGSEND = YES;
				ENABLE_TESTABILITY = YES;
				GCC_C_LANGUAGE_STANDARD = gnu11;
				GCC_DYNAMIC_NO_PIC = NO;
				GCC_NO_COMMON_BLOCKS = YES;
				GCC_OPTIMIZATION_LEVEL = 0;
				GCC_PREPROCESSOR_DEFINITIONS = (
					"DEBUG=1",
					"$(inherited)",
				);
				GCC_WARN_64_TO_32_BIT_CONVERSION = YES;
				GCC_WARN_ABOUT_RETURN_TYPE = YES_ERROR;
				GCC_WARN_UNDECLARED_SELECTOR = YES;
				GCC_WARN_UNINITIALIZED_AUTOS = YES_AGGRESSIVE;
				GCC_WARN_UNUSED_FUNCTION = YES;
				GCC_WARN_UNUSED_VARIABLE = YES;
				MACOSX_DEPLOYMENT_TARGET = 13.1;
				MTL_ENABLE_DEBUG_INFO = INCLUDE_SOURCE;
				MTL_FAST_MATH = YES;
				ONLY_ACTIVE_ARCH = YES;
				SDKROOT = macosx;
				SWIFT_ACTIVE_COMPILATION_CONDITIONS = DEBUG;
				SWIFT_EMIT_LOC_STRINGS = YES;
				SWIFT_OPTIMIZATION_LEVEL = "-Onone";
			};
			name = Debug;
		};
		AD8ECB982ABC7CA20040A0B8 /* Release */ = {
			isa = XCBuildConfiguration;
			buildSettings = {
				ALWAYS_SEARCH_USER_PATHS = NO;
				CLANG_ANALYZER_LOCALIZABILITY_NONLOCALIZED = YES;
				CLANG_ANALYZER_NONNULL = YES;
				CLANG_ANALYZER_NUMBER_OBJECT_CONVERSION = YES_AGGRESSIVE;
				CLANG_CXX_LANGUAGE_STANDARD = "gnu++20";
				CLANG_ENABLE_MODULES = YES;
				CLANG_ENABLE_OBJC_ARC = YES;
				CLANG_ENABLE_OBJC_WEAK = YES;
				CLANG_WARN_BLOCK_CAPTURE_AUTORELEASING = YES;
				CLANG_WARN_BOOL_CONVERSION = YES;
				CLANG_WARN_COMMA = YES;
				CLANG_WARN_CONSTANT_CONVERSION = YES;
				CLANG_WARN_DEPRECATED_OBJC_IMPLEMENTATIONS = YES;
				CLANG_WARN_DIRECT_OBJC_ISA_USAGE = YES_ERROR;
				CLANG_WARN_DOCUMENTATION_COMMENTS = YES;
				CLANG_WARN_EMPTY_BODY = YES;
				CLANG_WARN_ENUM_CONVERSION = YES;
				CLANG_WARN_INFINITE_RECURSION = YES;
				CLANG_WARN_INT_CONVERSION = YES;
				CLANG_WARN_NON_LITERAL_NULL_CONVERSION = YES;
				CLANG_WARN_OBJC_IMPLICIT_RETAIN_SELF = YES;
				CLANG_WARN_OBJC_LITERAL_CONVERSION = YES;
				CLANG_WARN_OBJC_ROOT_CLASS = YES_ERROR;
				CLANG_WARN_QUOTED_INCLUDE_IN_FRAMEWORK_HEADER = YES;
				CLANG_WARN_RANGE_LOOP_ANALYSIS = YES;
				CLANG_WARN_STRICT_PROTOTYPES = YES;
				CLANG_WARN_SUSPICIOUS_MOVE = YES;
				CLANG_WARN_UNGUARDED_AVAILABILITY = YES_AGGRESSIVE;
				CLANG_WARN_UNREACHABLE_CODE = YES;
				CLANG_WARN__DUPLICATE_METHOD_MATCH = YES;
				CODE_SIGN_IDENTITY = "Apple Development";
				CODE_SIGN_STYLE = Automatic;
				COPY_PHASE_STRIP = NO;
				DEBUG_INFORMATION_FORMAT = "dwarf-with-dsym";
				ENABLE_NS_ASSERTIONS = NO;
				ENABLE_STRICT_OBJC_MSGSEND = YES;
				GCC_C_LANGUAGE_STANDARD = gnu11;
				GCC_NO_COMMON_BLOCKS = YES;
				GCC_WARN_64_TO_32_BIT_CONVERSION = YES;
				GCC_WARN_ABOUT_RETURN_TYPE = YES_ERROR;
				GCC_WARN_UNDECLARED_SELECTOR = YES;
				GCC_WARN_UNINITIALIZED_AUTOS = YES_AGGRESSIVE;
				GCC_WARN_UNUSED_FUNCTION = YES;
				GCC_WARN_UNUSED_VARIABLE = YES;
				MACOSX_DEPLOYMENT_TARGET = 13.1;
				MTL_ENABLE_DEBUG_INFO = NO;
				MTL_FAST_MATH = YES;
				SDKROOT = macosx;
				SWIFT_COMPILATION_MODE = wholemodule;
				SWIFT_EMIT_LOC_STRINGS = YES;
				SWIFT_OPTIMIZATION_LEVEL = "-O";
			};
			name = Release;
		};
		AD8ECB9A2ABC7CA20040A0B8 /* Debug */ = {
			isa = XCBuildConfiguration;
			buildSettings = {
				ASSETCATALOG_COMPILER_APPICON_NAME = AppIcon;
				ASSETCATALOG_COMPILER_GLOBAL_ACCENT_COLOR_NAME = AccentColor;
				CODE_SIGN_ENTITLEMENTS = gridy/Resources/gridy.entitlements;
				CODE_SIGN_IDENTITY = "Apple Development";
				"CODE_SIGN_IDENTITY[sdk=macosx*]" = "Mac Developer";
				CODE_SIGN_STYLE = Manual;
				COMBINE_HIDPI_IMAGES = YES;
				CURRENT_PROJECT_VERSION = 1;
				DEVELOPMENT_TEAM = "";
				"DEVELOPMENT_TEAM[sdk=macosx*]" = 7D5PZJWQ9T;
				ENABLE_HARDENED_RUNTIME = YES;
				ENABLE_PREVIEWS = YES;
				GENERATE_INFOPLIST_FILE = YES;
				INFOPLIST_FILE = gridy/Info.plist;
				INFOPLIST_KEY_CFBundleDisplayName = Gridy;
				INFOPLIST_KEY_LSApplicationCategoryType = "public.app-category.productivity";
				INFOPLIST_KEY_NSCalendarsUsageDescription = "‘Gridy’가 공휴일을 표시하는 기능을 사용하기 위해 캘린더에 접근하도록 허용합니다.";
				INFOPLIST_KEY_NSHumanReadableCopyright = "";
				LD_RUNPATH_SEARCH_PATHS = (
					"$(inherited)",
					"@executable_path/../Frameworks",
				);
				MARKETING_VERSION = 0.0.1;
				PRODUCT_BUNDLE_IDENTIFIER = com.ampersand.gridy;
				PRODUCT_NAME = "$(TARGET_NAME)";
				PROVISIONING_PROFILE_SPECIFIER = "";
				"PROVISIONING_PROFILE_SPECIFIER[sdk=macosx*]" = "match Development com.ampersand.gridy macos";
				SWIFT_EMIT_LOC_STRINGS = YES;
				SWIFT_VERSION = 5.0;
			};
			name = Debug;
		};
		AD8ECB9B2ABC7CA20040A0B8 /* Release */ = {
			isa = XCBuildConfiguration;
			buildSettings = {
				ASSETCATALOG_COMPILER_APPICON_NAME = AppIcon;
				ASSETCATALOG_COMPILER_GLOBAL_ACCENT_COLOR_NAME = AccentColor;
				CODE_SIGN_ENTITLEMENTS = gridy/Resources/gridy.entitlements;
				CODE_SIGN_IDENTITY = "Apple Development";
				"CODE_SIGN_IDENTITY[sdk=macosx*]" = "Mac Developer";
				CODE_SIGN_STYLE = Manual;
				COMBINE_HIDPI_IMAGES = YES;
				CURRENT_PROJECT_VERSION = 1;
				DEVELOPMENT_TEAM = "";
				"DEVELOPMENT_TEAM[sdk=macosx*]" = 7D5PZJWQ9T;
				ENABLE_HARDENED_RUNTIME = YES;
				ENABLE_PREVIEWS = YES;
				GENERATE_INFOPLIST_FILE = YES;
				INFOPLIST_FILE = gridy/Info.plist;
				INFOPLIST_KEY_CFBundleDisplayName = Gridy;
				INFOPLIST_KEY_LSApplicationCategoryType = "public.app-category.productivity";
				INFOPLIST_KEY_NSCalendarsUsageDescription = "‘Gridy’가 공휴일을 표시하는 기능을 사용하기 위해 캘린더에 접근하도록 허용합니다.";
				INFOPLIST_KEY_NSHumanReadableCopyright = "";
				LD_RUNPATH_SEARCH_PATHS = (
					"$(inherited)",
					"@executable_path/../Frameworks",
				);
				MARKETING_VERSION = 0.0.1;
				PRODUCT_BUNDLE_IDENTIFIER = com.ampersand.gridy;
				PRODUCT_NAME = "$(TARGET_NAME)";
				PROVISIONING_PROFILE_SPECIFIER = "";
				"PROVISIONING_PROFILE_SPECIFIER[sdk=macosx*]" = "match Development com.ampersand.gridy macos";
				SWIFT_EMIT_LOC_STRINGS = YES;
				SWIFT_VERSION = 5.0;
			};
			name = Release;
		};
/* End XCBuildConfiguration section */

/* Begin XCConfigurationList section */
		AD8ECB852ABC7CA10040A0B8 /* Build configuration list for PBXProject "gridy" */ = {
			isa = XCConfigurationList;
			buildConfigurations = (
				AD8ECB972ABC7CA20040A0B8 /* Debug */,
				AD8ECB982ABC7CA20040A0B8 /* Release */,
			);
			defaultConfigurationIsVisible = 0;
			defaultConfigurationName = Release;
		};
		AD8ECB992ABC7CA20040A0B8 /* Build configuration list for PBXNativeTarget "gridy" */ = {
			isa = XCConfigurationList;
			buildConfigurations = (
				AD8ECB9A2ABC7CA20040A0B8 /* Debug */,
				AD8ECB9B2ABC7CA20040A0B8 /* Release */,
			);
			defaultConfigurationIsVisible = 0;
			defaultConfigurationName = Release;
		};
/* End XCConfigurationList section */

/* Begin XCRemoteSwiftPackageReference section */
		AD3DF48B2ACD8F8C00F619DE /* XCRemoteSwiftPackageReference "firebase-ios-sdk" */ = {
			isa = XCRemoteSwiftPackageReference;
			repositoryURL = "https://github.com/firebase/firebase-ios-sdk.git";
			requirement = {
				kind = exactVersion;
				version = 10.15.0;
			};
		};
		ADACF5F72AC1FB1D008AADFA /* XCRemoteSwiftPackageReference "swift-composable-architecture" */ = {
			isa = XCRemoteSwiftPackageReference;
			repositoryURL = "http://github.com/pointfreeco/swift-composable-architecture.git";
			requirement = {
				kind = upToNextMajorVersion;
				minimumVersion = 1.0.0;
			};
		};
/* End XCRemoteSwiftPackageReference section */

/* Begin XCSwiftPackageProductDependency section */
		AD3DF48C2ACD8F8C00F619DE /* FirebaseAnalytics */ = {
			isa = XCSwiftPackageProductDependency;
			package = AD3DF48B2ACD8F8C00F619DE /* XCRemoteSwiftPackageReference "firebase-ios-sdk" */;
			productName = FirebaseAnalytics;
		};
		AD3DF48E2ACD8F8C00F619DE /* FirebaseAnalyticsSwift */ = {
			isa = XCSwiftPackageProductDependency;
			package = AD3DF48B2ACD8F8C00F619DE /* XCRemoteSwiftPackageReference "firebase-ios-sdk" */;
			productName = FirebaseAnalyticsSwift;
		};
		AD3DF4902ACD8F8C00F619DE /* FirebaseAuth */ = {
			isa = XCSwiftPackageProductDependency;
			package = AD3DF48B2ACD8F8C00F619DE /* XCRemoteSwiftPackageReference "firebase-ios-sdk" */;
			productName = FirebaseAuth;
		};
		AD3DF4922ACD8F8C00F619DE /* FirebaseAuthCombine-Community */ = {
			isa = XCSwiftPackageProductDependency;
			package = AD3DF48B2ACD8F8C00F619DE /* XCRemoteSwiftPackageReference "firebase-ios-sdk" */;
			productName = "FirebaseAuthCombine-Community";
		};
		AD3DF4942ACD8F8C00F619DE /* FirebaseCrashlytics */ = {
			isa = XCSwiftPackageProductDependency;
			package = AD3DF48B2ACD8F8C00F619DE /* XCRemoteSwiftPackageReference "firebase-ios-sdk" */;
			productName = FirebaseCrashlytics;
		};
		AD3DF4962ACD8F8C00F619DE /* FirebaseDatabase */ = {
			isa = XCSwiftPackageProductDependency;
			package = AD3DF48B2ACD8F8C00F619DE /* XCRemoteSwiftPackageReference "firebase-ios-sdk" */;
			productName = FirebaseDatabase;
		};
		AD3DF4982ACD8F8C00F619DE /* FirebaseDatabaseSwift */ = {
			isa = XCSwiftPackageProductDependency;
			package = AD3DF48B2ACD8F8C00F619DE /* XCRemoteSwiftPackageReference "firebase-ios-sdk" */;
			productName = FirebaseDatabaseSwift;
		};
		AD3DF49A2ACD8F8C00F619DE /* FirebaseDynamicLinks */ = {
			isa = XCSwiftPackageProductDependency;
			package = AD3DF48B2ACD8F8C00F619DE /* XCRemoteSwiftPackageReference "firebase-ios-sdk" */;
			productName = FirebaseDynamicLinks;
		};
		AD3DF49C2ACD8F8C00F619DE /* FirebaseFirestore */ = {
			isa = XCSwiftPackageProductDependency;
			package = AD3DF48B2ACD8F8C00F619DE /* XCRemoteSwiftPackageReference "firebase-ios-sdk" */;
			productName = FirebaseFirestore;
		};
		AD3DF49E2ACD8F8C00F619DE /* FirebaseFirestoreSwift */ = {
			isa = XCSwiftPackageProductDependency;
			package = AD3DF48B2ACD8F8C00F619DE /* XCRemoteSwiftPackageReference "firebase-ios-sdk" */;
			productName = FirebaseFirestoreSwift;
		};
		AD3DF4A02ACD8F8C00F619DE /* FirebaseFunctions */ = {
			isa = XCSwiftPackageProductDependency;
			package = AD3DF48B2ACD8F8C00F619DE /* XCRemoteSwiftPackageReference "firebase-ios-sdk" */;
			productName = FirebaseFunctions;
		};
		AD3DF4A22ACD8F8C00F619DE /* FirebaseStorage */ = {
			isa = XCSwiftPackageProductDependency;
			package = AD3DF48B2ACD8F8C00F619DE /* XCRemoteSwiftPackageReference "firebase-ios-sdk" */;
			productName = FirebaseStorage;
		};
		ADACF5F82AC1FB1D008AADFA /* ComposableArchitecture */ = {
			isa = XCSwiftPackageProductDependency;
			package = ADACF5F72AC1FB1D008AADFA /* XCRemoteSwiftPackageReference "swift-composable-architecture" */;
			productName = ComposableArchitecture;
		};
/* End XCSwiftPackageProductDependency section */
	};
	rootObject = AD8ECB822ABC7CA10040A0B8 /* Project object */;
}
