// !$*UTF8*$!
{
	archiveVersion = 1;
	classes = {
	};
	objectVersion = 56;
	objects = {

/* Begin PBXBuildFile section */
		8A1D0C502AC3F79300C7FCF8 /* Font.swift in Sources */ = {isa = PBXBuildFile; fileRef = 8A1D0C4F2AC3F79300C7FCF8 /* Font.swift */; };
		8A1D0C542AC3FD0600C7FCF8 /* Pretendard-Thin.otf in Resources */ = {isa = PBXBuildFile; fileRef = 8A1D0C532AC3FD0600C7FCF8 /* Pretendard-Thin.otf */; };
		8A4854B12AC400D8000B68D8 /* Info.plist in Resources */ = {isa = PBXBuildFile; fileRef = 8A1D0C4D2AC3F76900C7FCF8 /* Info.plist */; };
		8A5162462AC401EF00EEB1B4 /* Pretendard-Regular.otf in Resources */ = {isa = PBXBuildFile; fileRef = 8A5162452AC401EF00EEB1B4 /* Pretendard-Regular.otf */; };
		8A5162482AC403BB00EEB1B4 /* Lexend-VariableFont_wght.ttf in Resources */ = {isa = PBXBuildFile; fileRef = 8A5162472AC403BB00EEB1B4 /* Lexend-VariableFont_wght.ttf */; };
		8A51624A2AC404E600EEB1B4 /* Pretendard-Bold.otf in Resources */ = {isa = PBXBuildFile; fileRef = 8A5162492AC404E600EEB1B4 /* Pretendard-Bold.otf */; };
		8A51624D2AC41D7100EEB1B4 /* Localizable.strings in Resources */ = {isa = PBXBuildFile; fileRef = 8A51624F2AC41D7100EEB1B4 /* Localizable.strings */; };
		AD8ECB8E2ABC7CA10040A0B8 /* GridyApp.swift in Sources */ = {isa = PBXBuildFile; fileRef = AD8ECB8D2ABC7CA10040A0B8 /* GridyApp.swift */; };
		AD8ECB902ABC7CA10040A0B8 /* ContentView.swift in Sources */ = {isa = PBXBuildFile; fileRef = AD8ECB8F2ABC7CA10040A0B8 /* ContentView.swift */; };
		AD8ECB922ABC7CA20040A0B8 /* Assets.xcassets in Resources */ = {isa = PBXBuildFile; fileRef = AD8ECB912ABC7CA20040A0B8 /* Assets.xcassets */; };
		AD8ECBA22ABC942B0040A0B8 /* FirebaseAnalytics in Frameworks */ = {isa = PBXBuildFile; productRef = AD8ECBA12ABC942B0040A0B8 /* FirebaseAnalytics */; };
		AD8ECBA42ABC942B0040A0B8 /* FirebaseAnalyticsSwift in Frameworks */ = {isa = PBXBuildFile; productRef = AD8ECBA32ABC942B0040A0B8 /* FirebaseAnalyticsSwift */; };
		AD8ECBA62ABC942B0040A0B8 /* FirebaseAuth in Frameworks */ = {isa = PBXBuildFile; productRef = AD8ECBA52ABC942B0040A0B8 /* FirebaseAuth */; };
		AD8ECBA82ABC942B0040A0B8 /* FirebaseCrashlytics in Frameworks */ = {isa = PBXBuildFile; productRef = AD8ECBA72ABC942B0040A0B8 /* FirebaseCrashlytics */; };
		AD8ECBAA2ABC942B0040A0B8 /* FirebaseDatabase in Frameworks */ = {isa = PBXBuildFile; productRef = AD8ECBA92ABC942B0040A0B8 /* FirebaseDatabase */; };
		AD8ECBAC2ABC942B0040A0B8 /* FirebaseDatabaseSwift in Frameworks */ = {isa = PBXBuildFile; productRef = AD8ECBAB2ABC942B0040A0B8 /* FirebaseDatabaseSwift */; };
		AD8ECBAE2ABC942B0040A0B8 /* FirebaseFirestore in Frameworks */ = {isa = PBXBuildFile; productRef = AD8ECBAD2ABC942B0040A0B8 /* FirebaseFirestore */; };
		AD8ECBB02ABC942B0040A0B8 /* FirebaseFirestoreSwift in Frameworks */ = {isa = PBXBuildFile; productRef = AD8ECBAF2ABC942B0040A0B8 /* FirebaseFirestoreSwift */; };
		AD8ECBB22ABC942B0040A0B8 /* FirebaseStorage in Frameworks */ = {isa = PBXBuildFile; productRef = AD8ECBB12ABC942B0040A0B8 /* FirebaseStorage */; };
		ADACF5F92AC1FB1D008AADFA /* ComposableArchitecture in Frameworks */ = {isa = PBXBuildFile; productRef = ADACF5F82AC1FB1D008AADFA /* ComposableArchitecture */; };
		ADACF5FF2AC25760008AADFA /* TimelineLayoutReducer.swift in Sources */ = {isa = PBXBuildFile; fileRef = ADACF5FE2AC25760008AADFA /* TimelineLayoutReducer.swift */; };
		ADACF6022AC25B01008AADFA /* NetworkProtocol.swift in Sources */ = {isa = PBXBuildFile; fileRef = ADACF6012AC25B01008AADFA /* NetworkProtocol.swift */; };
		ADACF6042AC25B0F008AADFA /* NetworkService.swift in Sources */ = {isa = PBXBuildFile; fileRef = ADACF6032AC25B0F008AADFA /* NetworkService.swift */; };
		ADACF60A2AC26CDF008AADFA /* Color+Extension.swift in Sources */ = {isa = PBXBuildFile; fileRef = ADACF6092AC26CDF008AADFA /* Color+Extension.swift */; };
		ADACF60C2AC26DAB008AADFA /* GoogleService-Info.plist in Resources */ = {isa = PBXBuildFile; fileRef = ADACF60B2AC26DAB008AADFA /* GoogleService-Info.plist */; };
		EE909A412AC3CDC700C9AAF0 /* Utils.swift in Sources */ = {isa = PBXBuildFile; fileRef = EE909A402AC3CDC700C9AAF0 /* Utils.swift */; };
		EE909A472AC3CE3C00C9AAF0 /* CalendarLayoutTemp.swift in Sources */ = {isa = PBXBuildFile; fileRef = EE909A462AC3CE3C00C9AAF0 /* CalendarLayoutTemp.swift */; };
		EE909A492AC3CE4500C9AAF0 /* ThinkingLayoutTemp.swift in Sources */ = {isa = PBXBuildFile; fileRef = EE909A482AC3CE4500C9AAF0 /* ThinkingLayoutTemp.swift */; };
		EE909A542AC3CEF200C9AAF0 /* TabBarAreaView.swift in Sources */ = {isa = PBXBuildFile; fileRef = EE909A532AC3CEF200C9AAF0 /* TabBarAreaView.swift */; };
		EE909A562AC3CF1200C9AAF0 /* BlackPinkInYourAreaView.swift in Sources */ = {isa = PBXBuildFile; fileRef = EE909A552AC3CF1200C9AAF0 /* BlackPinkInYourAreaView.swift */; };
		EE909A582AC3CF5400C9AAF0 /* TimelineLayoutView.swift in Sources */ = {isa = PBXBuildFile; fileRef = EE909A572AC3CF5400C9AAF0 /* TimelineLayoutView.swift */; };
		EE909A5A2AC3CF6100C9AAF0 /* ListAreaView.swift in Sources */ = {isa = PBXBuildFile; fileRef = EE909A592AC3CF6100C9AAF0 /* ListAreaView.swift */; };
		EE909A5C2AC3CF9900C9AAF0 /* LineAreaView.swift in Sources */ = {isa = PBXBuildFile; fileRef = EE909A5B2AC3CF9900C9AAF0 /* LineAreaView.swift */; };
		EE909A5E2AC3CFA600C9AAF0 /* LineIndexAreaView.swift in Sources */ = {isa = PBXBuildFile; fileRef = EE909A5D2AC3CFA600C9AAF0 /* LineIndexAreaView.swift */; };
		EE909A602AC3CFAF00C9AAF0 /* TimeAxisAreaView.swift in Sources */ = {isa = PBXBuildFile; fileRef = EE909A5F2AC3CFAF00C9AAF0 /* TimeAxisAreaView.swift */; };
		EE909A622AC3CFB800C9AAF0 /* ScheduleAreaView.swift in Sources */ = {isa = PBXBuildFile; fileRef = EE909A612AC3CFB800C9AAF0 /* ScheduleAreaView.swift */; };
		EE909A642AC3CFCA00C9AAF0 /* RightToolBarAreaView.swift in Sources */ = {isa = PBXBuildFile; fileRef = EE909A632AC3CFCA00C9AAF0 /* RightToolBarAreaView.swift */; };
		EE909A662AC3D10300C9AAF0 /* LeftToolBarAreaView.swift in Sources */ = {isa = PBXBuildFile; fileRef = EE909A652AC3D10300C9AAF0 /* LeftToolBarAreaView.swift */; };
		EE909A6B2AC3D21E00C9AAF0 /* GridView.swift in Sources */ = {isa = PBXBuildFile; fileRef = EE909A6A2AC3D21E00C9AAF0 /* GridView.swift */; };
		EE909A6E2AC3D4E900C9AAF0 /* ScheduleIndexAreaView.swift in Sources */ = {isa = PBXBuildFile; fileRef = EE909A6D2AC3D4E900C9AAF0 /* ScheduleIndexAreaView.swift */; };
/* End PBXBuildFile section */

/* Begin PBXFileReference section */
		8A1D0C4D2AC3F76900C7FCF8 /* Info.plist */ = {isa = PBXFileReference; lastKnownFileType = text.plist.xml; path = Info.plist; sourceTree = "<group>"; };
		8A1D0C4F2AC3F79300C7FCF8 /* Font.swift */ = {isa = PBXFileReference; lastKnownFileType = sourcecode.swift; path = Font.swift; sourceTree = "<group>"; };
		8A1D0C532AC3FD0600C7FCF8 /* Pretendard-Thin.otf */ = {isa = PBXFileReference; lastKnownFileType = file; path = "Pretendard-Thin.otf"; sourceTree = "<group>"; };
		8A5162452AC401EF00EEB1B4 /* Pretendard-Regular.otf */ = {isa = PBXFileReference; lastKnownFileType = file; path = "Pretendard-Regular.otf"; sourceTree = "<group>"; };
		8A5162472AC403BB00EEB1B4 /* Lexend-VariableFont_wght.ttf */ = {isa = PBXFileReference; lastKnownFileType = file; path = "Lexend-VariableFont_wght.ttf"; sourceTree = "<group>"; };
		8A5162492AC404E600EEB1B4 /* Pretendard-Bold.otf */ = {isa = PBXFileReference; lastKnownFileType = file; path = "Pretendard-Bold.otf"; sourceTree = "<group>"; };
		8A51624E2AC41D7100EEB1B4 /* en */ = {isa = PBXFileReference; lastKnownFileType = text.plist.strings; name = en; path = en.lproj/Localizable.strings; sourceTree = "<group>"; };
		8A5162502AC41D9800EEB1B4 /* ko */ = {isa = PBXFileReference; lastKnownFileType = text.plist.strings; name = ko; path = ko.lproj/Localizable.strings; sourceTree = "<group>"; };
		AD8ECB8A2ABC7CA10040A0B8 /* gridy.app */ = {isa = PBXFileReference; explicitFileType = wrapper.application; includeInIndex = 0; path = gridy.app; sourceTree = BUILT_PRODUCTS_DIR; };
		AD8ECB8D2ABC7CA10040A0B8 /* GridyApp.swift */ = {isa = PBXFileReference; lastKnownFileType = sourcecode.swift; path = GridyApp.swift; sourceTree = "<group>"; };
		AD8ECB8F2ABC7CA10040A0B8 /* ContentView.swift */ = {isa = PBXFileReference; lastKnownFileType = sourcecode.swift; path = ContentView.swift; sourceTree = "<group>"; };
		AD8ECB912ABC7CA20040A0B8 /* Assets.xcassets */ = {isa = PBXFileReference; lastKnownFileType = folder.assetcatalog; path = Assets.xcassets; sourceTree = "<group>"; };
		AD8ECB962ABC7CA20040A0B8 /* gridy.entitlements */ = {isa = PBXFileReference; lastKnownFileType = text.plist.entitlements; path = gridy.entitlements; sourceTree = "<group>"; };
		ADACF5FE2AC25760008AADFA /* TimelineLayoutReducer.swift */ = {isa = PBXFileReference; lastKnownFileType = sourcecode.swift; path = TimelineLayoutReducer.swift; sourceTree = "<group>"; };
		ADACF6012AC25B01008AADFA /* NetworkProtocol.swift */ = {isa = PBXFileReference; lastKnownFileType = sourcecode.swift; path = NetworkProtocol.swift; sourceTree = "<group>"; };
		ADACF6032AC25B0F008AADFA /* NetworkService.swift */ = {isa = PBXFileReference; lastKnownFileType = sourcecode.swift; path = NetworkService.swift; sourceTree = "<group>"; };
		ADACF6092AC26CDF008AADFA /* Color+Extension.swift */ = {isa = PBXFileReference; lastKnownFileType = sourcecode.swift; path = "Color+Extension.swift"; sourceTree = "<group>"; };
		ADACF60B2AC26DAB008AADFA /* GoogleService-Info.plist */ = {isa = PBXFileReference; fileEncoding = 4; lastKnownFileType = text.plist.xml; path = "GoogleService-Info.plist"; sourceTree = "<group>"; };
		EE909A402AC3CDC700C9AAF0 /* Utils.swift */ = {isa = PBXFileReference; lastKnownFileType = sourcecode.swift; path = Utils.swift; sourceTree = "<group>"; };
		EE909A462AC3CE3C00C9AAF0 /* CalendarLayoutTemp.swift */ = {isa = PBXFileReference; lastKnownFileType = sourcecode.swift; path = CalendarLayoutTemp.swift; sourceTree = "<group>"; };
		EE909A482AC3CE4500C9AAF0 /* ThinkingLayoutTemp.swift */ = {isa = PBXFileReference; lastKnownFileType = sourcecode.swift; path = ThinkingLayoutTemp.swift; sourceTree = "<group>"; };
		EE909A532AC3CEF200C9AAF0 /* TabBarAreaView.swift */ = {isa = PBXFileReference; lastKnownFileType = sourcecode.swift; path = TabBarAreaView.swift; sourceTree = "<group>"; };
		EE909A552AC3CF1200C9AAF0 /* BlackPinkInYourAreaView.swift */ = {isa = PBXFileReference; lastKnownFileType = sourcecode.swift; path = BlackPinkInYourAreaView.swift; sourceTree = "<group>"; };
		EE909A572AC3CF5400C9AAF0 /* TimelineLayoutView.swift */ = {isa = PBXFileReference; lastKnownFileType = sourcecode.swift; path = TimelineLayoutView.swift; sourceTree = "<group>"; };
		EE909A592AC3CF6100C9AAF0 /* ListAreaView.swift */ = {isa = PBXFileReference; lastKnownFileType = sourcecode.swift; path = ListAreaView.swift; sourceTree = "<group>"; };
		EE909A5B2AC3CF9900C9AAF0 /* LineAreaView.swift */ = {isa = PBXFileReference; lastKnownFileType = sourcecode.swift; path = LineAreaView.swift; sourceTree = "<group>"; };
		EE909A5D2AC3CFA600C9AAF0 /* LineIndexAreaView.swift */ = {isa = PBXFileReference; lastKnownFileType = sourcecode.swift; path = LineIndexAreaView.swift; sourceTree = "<group>"; };
		EE909A5F2AC3CFAF00C9AAF0 /* TimeAxisAreaView.swift */ = {isa = PBXFileReference; lastKnownFileType = sourcecode.swift; path = TimeAxisAreaView.swift; sourceTree = "<group>"; };
		EE909A612AC3CFB800C9AAF0 /* ScheduleAreaView.swift */ = {isa = PBXFileReference; lastKnownFileType = sourcecode.swift; path = ScheduleAreaView.swift; sourceTree = "<group>"; };
		EE909A632AC3CFCA00C9AAF0 /* RightToolBarAreaView.swift */ = {isa = PBXFileReference; lastKnownFileType = sourcecode.swift; path = RightToolBarAreaView.swift; sourceTree = "<group>"; };
		EE909A652AC3D10300C9AAF0 /* LeftToolBarAreaView.swift */ = {isa = PBXFileReference; lastKnownFileType = sourcecode.swift; path = LeftToolBarAreaView.swift; sourceTree = "<group>"; };
		EE909A6A2AC3D21E00C9AAF0 /* GridView.swift */ = {isa = PBXFileReference; lastKnownFileType = sourcecode.swift; path = GridView.swift; sourceTree = "<group>"; };
		EE909A6D2AC3D4E900C9AAF0 /* ScheduleIndexAreaView.swift */ = {isa = PBXFileReference; lastKnownFileType = sourcecode.swift; path = ScheduleIndexAreaView.swift; sourceTree = "<group>"; };
/* End PBXFileReference section */

/* Begin PBXFrameworksBuildPhase section */
		AD8ECB872ABC7CA10040A0B8 /* Frameworks */ = {
			isa = PBXFrameworksBuildPhase;
			buildActionMask = 2147483647;
			files = (
				ADACF5F92AC1FB1D008AADFA /* ComposableArchitecture in Frameworks */,
				AD8ECBAC2ABC942B0040A0B8 /* FirebaseDatabaseSwift in Frameworks */,
				AD8ECBAA2ABC942B0040A0B8 /* FirebaseDatabase in Frameworks */,
				AD8ECBB22ABC942B0040A0B8 /* FirebaseStorage in Frameworks */,
				AD8ECBA42ABC942B0040A0B8 /* FirebaseAnalyticsSwift in Frameworks */,
				AD8ECBA82ABC942B0040A0B8 /* FirebaseCrashlytics in Frameworks */,
				AD8ECBA62ABC942B0040A0B8 /* FirebaseAuth in Frameworks */,
				AD8ECBA22ABC942B0040A0B8 /* FirebaseAnalytics in Frameworks */,
				AD8ECBAE2ABC942B0040A0B8 /* FirebaseFirestore in Frameworks */,
				AD8ECBB02ABC942B0040A0B8 /* FirebaseFirestoreSwift in Frameworks */,
			);
			runOnlyForDeploymentPostprocessing = 0;
		};
/* End PBXFrameworksBuildPhase section */

/* Begin PBXGroup section */
		8A1D0C4E2AC3F78200C7FCF8 /* Fonts */ = {
			isa = PBXGroup;
			children = (
				8A5162472AC403BB00EEB1B4 /* Lexend-VariableFont_wght.ttf */,
				8A1D0C532AC3FD0600C7FCF8 /* Pretendard-Thin.otf */,
				8A5162452AC401EF00EEB1B4 /* Pretendard-Regular.otf */,
				8A5162492AC404E600EEB1B4 /* Pretendard-Bold.otf */,
			);
			path = Fonts;
			sourceTree = "<group>";
		};
		AD8ECB812ABC7CA10040A0B8 = {
			isa = PBXGroup;
			children = (
				AD8ECB8C2ABC7CA10040A0B8 /* gridy */,
				AD8ECB8B2ABC7CA10040A0B8 /* Products */,
			);
			sourceTree = "<group>";
		};
		AD8ECB8B2ABC7CA10040A0B8 /* Products */ = {
			isa = PBXGroup;
			children = (
				AD8ECB8A2ABC7CA10040A0B8 /* gridy.app */,
			);
			name = Products;
			sourceTree = "<group>";
		};
		AD8ECB8C2ABC7CA10040A0B8 /* gridy */ = {
			isa = PBXGroup;
			children = (
				8A1D0C4D2AC3F76900C7FCF8 /* Info.plist */,
				ADACF60B2AC26DAB008AADFA /* GoogleService-Info.plist */,
				AD8ECB9D2ABC7CC00040A0B8 /* Sources */,
				AD8ECB9E2ABC7CC80040A0B8 /* Resources */,
			);
			path = gridy;
			sourceTree = "<group>";
		};
		AD8ECB9D2ABC7CC00040A0B8 /* Sources */ = {
			isa = PBXGroup;
			children = (
				ADACF5FA2AC20133008AADFA /* Presentations */,
				ADACF6002AC25AF3008AADFA /* Network */,
				EE909A3F2AC3CDBF00C9AAF0 /* Utils */,
				ADACF6052AC26C4D008AADFA /* Extensions */,
				AD8ECB8D2ABC7CA10040A0B8 /* GridyApp.swift */,
				AD8ECB8F2ABC7CA10040A0B8 /* ContentView.swift */,
			);
			path = Sources;
			sourceTree = "<group>";
		};
		AD8ECB9E2ABC7CC80040A0B8 /* Resources */ = {
			isa = PBXGroup;
			children = (
				8A51624F2AC41D7100EEB1B4 /* Localizable.strings */,
				8A1D0C4E2AC3F78200C7FCF8 /* Fonts */,
				AD8ECB912ABC7CA20040A0B8 /* Assets.xcassets */,
				AD8ECB962ABC7CA20040A0B8 /* gridy.entitlements */,
			);
			path = Resources;
			sourceTree = "<group>";
		};
		ADACF5FA2AC20133008AADFA /* Presentations */ = {
			isa = PBXGroup;
			children = (
				EE909A692AC3D20D00C9AAF0 /* Common */,
				EE909A422AC3CDEC00C9AAF0 /* PlanBoard */,
			);
			path = Presentations;
			sourceTree = "<group>";
		};
		ADACF6002AC25AF3008AADFA /* Network */ = {
			isa = PBXGroup;
			children = (
				ADACF6012AC25B01008AADFA /* NetworkProtocol.swift */,
				ADACF6032AC25B0F008AADFA /* NetworkService.swift */,
			);
			path = Network;
			sourceTree = "<group>";
		};
		ADACF6052AC26C4D008AADFA /* Extensions */ = {
			isa = PBXGroup;
			children = (
				ADACF6092AC26CDF008AADFA /* Color+Extension.swift */,
				8A1D0C4F2AC3F79300C7FCF8 /* Font.swift */,
			);
			path = Extensions;
			sourceTree = "<group>";
		};
		EE909A3F2AC3CDBF00C9AAF0 /* Utils */ = {
			isa = PBXGroup;
			children = (
				EE909A402AC3CDC700C9AAF0 /* Utils.swift */,
			);
			path = Utils;
			sourceTree = "<group>";
		};
		EE909A422AC3CDEC00C9AAF0 /* PlanBoard */ = {
			isa = PBXGroup;
			children = (
				EE909A452AC3CE1700C9AAF0 /* TimelineLayout */,
				EE909A442AC3CE0800C9AAF0 /* CalendarLayout */,
				EE909A432AC3CDF800C9AAF0 /* ThinkingLayout */,
			);
			path = PlanBoard;
			sourceTree = "<group>";
		};
		EE909A432AC3CDF800C9AAF0 /* ThinkingLayout */ = {
			isa = PBXGroup;
			children = (
				EE909A482AC3CE4500C9AAF0 /* ThinkingLayoutTemp.swift */,
			);
			path = ThinkingLayout;
			sourceTree = "<group>";
		};
		EE909A442AC3CE0800C9AAF0 /* CalendarLayout */ = {
			isa = PBXGroup;
			children = (
				EE909A462AC3CE3C00C9AAF0 /* CalendarLayoutTemp.swift */,
			);
			path = CalendarLayout;
			sourceTree = "<group>";
		};
		EE909A452AC3CE1700C9AAF0 /* TimelineLayout */ = {
			isa = PBXGroup;
			children = (
				ADACF5FE2AC25760008AADFA /* TimelineLayoutReducer.swift */,
				EE909A572AC3CF5400C9AAF0 /* TimelineLayoutView.swift */,
				EE909A522AC3CECD00C9AAF0 /* BlackPinkInYourArea */,
				EE909A512AC3CEC600C9AAF0 /* ListArea */,
				EE909A502AC3CEBE00C9AAF0 /* LineArea */,
				EE909A6C2AC3D4C300C9AAF0 /* ScheduleIndexArea */,
				EE909A4F2AC3CEAE00C9AAF0 /* LineIndexArea */,
				EE909A4E2AC3CEA300C9AAF0 /* TimeAxisArea */,
				EE909A4D2AC3CE9C00C9AAF0 /* ScheduleArea */,
				EE909A4C2AC3CE9400C9AAF0 /* RightToolBarArea */,
				EE909A4B2AC3CE8800C9AAF0 /* LeftToolBarArea */,
			);
			path = TimelineLayout;
			sourceTree = "<group>";
		};
		EE909A4A2AC3CE7C00C9AAF0 /* TabBarArea */ = {
			isa = PBXGroup;
			children = (
				EE909A532AC3CEF200C9AAF0 /* TabBarAreaView.swift */,
			);
			path = TabBarArea;
			sourceTree = "<group>";
		};
		EE909A4B2AC3CE8800C9AAF0 /* LeftToolBarArea */ = {
			isa = PBXGroup;
			children = (
				EE909A652AC3D10300C9AAF0 /* LeftToolBarAreaView.swift */,
			);
			path = LeftToolBarArea;
			sourceTree = "<group>";
		};
		EE909A4C2AC3CE9400C9AAF0 /* RightToolBarArea */ = {
			isa = PBXGroup;
			children = (
				EE909A632AC3CFCA00C9AAF0 /* RightToolBarAreaView.swift */,
			);
			path = RightToolBarArea;
			sourceTree = "<group>";
		};
		EE909A4D2AC3CE9C00C9AAF0 /* ScheduleArea */ = {
			isa = PBXGroup;
			children = (
				EE909A612AC3CFB800C9AAF0 /* ScheduleAreaView.swift */,
			);
			path = ScheduleArea;
			sourceTree = "<group>";
		};
		EE909A4E2AC3CEA300C9AAF0 /* TimeAxisArea */ = {
			isa = PBXGroup;
			children = (
				EE909A5F2AC3CFAF00C9AAF0 /* TimeAxisAreaView.swift */,
			);
			path = TimeAxisArea;
			sourceTree = "<group>";
		};
		EE909A4F2AC3CEAE00C9AAF0 /* LineIndexArea */ = {
			isa = PBXGroup;
			children = (
				EE909A5D2AC3CFA600C9AAF0 /* LineIndexAreaView.swift */,
			);
			path = LineIndexArea;
			sourceTree = "<group>";
		};
		EE909A502AC3CEBE00C9AAF0 /* LineArea */ = {
			isa = PBXGroup;
			children = (
				EE909A5B2AC3CF9900C9AAF0 /* LineAreaView.swift */,
			);
			path = LineArea;
			sourceTree = "<group>";
		};
		EE909A512AC3CEC600C9AAF0 /* ListArea */ = {
			isa = PBXGroup;
			children = (
				EE909A592AC3CF6100C9AAF0 /* ListAreaView.swift */,
			);
			path = ListArea;
			sourceTree = "<group>";
		};
		EE909A522AC3CECD00C9AAF0 /* BlackPinkInYourArea */ = {
			isa = PBXGroup;
			children = (
				EE909A552AC3CF1200C9AAF0 /* BlackPinkInYourAreaView.swift */,
			);
			path = BlackPinkInYourArea;
			sourceTree = "<group>";
		};
		EE909A692AC3D20D00C9AAF0 /* Common */ = {
			isa = PBXGroup;
			children = (
				EE909A6A2AC3D21E00C9AAF0 /* GridView.swift */,
				EE909A4A2AC3CE7C00C9AAF0 /* TabBarArea */,
			);
			path = Common;
			sourceTree = "<group>";
		};
		EE909A6C2AC3D4C300C9AAF0 /* ScheduleIndexArea */ = {
			isa = PBXGroup;
			children = (
				EE909A6D2AC3D4E900C9AAF0 /* ScheduleIndexAreaView.swift */,
			);
			path = ScheduleIndexArea;
			sourceTree = "<group>";
		};
/* End PBXGroup section */

/* Begin PBXNativeTarget section */
		AD8ECB892ABC7CA10040A0B8 /* gridy */ = {
			isa = PBXNativeTarget;
			buildConfigurationList = AD8ECB992ABC7CA20040A0B8 /* Build configuration list for PBXNativeTarget "gridy" */;
			buildPhases = (
				AD8ECB9F2ABC8E6A0040A0B8 /* SwiftLint Script */,
				AD8ECB862ABC7CA10040A0B8 /* Sources */,
				AD8ECB872ABC7CA10040A0B8 /* Frameworks */,
				AD8ECB882ABC7CA10040A0B8 /* Resources */,
			);
			buildRules = (
			);
			dependencies = (
			);
			name = gridy;
			packageProductDependencies = (
				AD8ECBA12ABC942B0040A0B8 /* FirebaseAnalytics */,
				AD8ECBA32ABC942B0040A0B8 /* FirebaseAnalyticsSwift */,
				AD8ECBA52ABC942B0040A0B8 /* FirebaseAuth */,
				AD8ECBA72ABC942B0040A0B8 /* FirebaseCrashlytics */,
				AD8ECBA92ABC942B0040A0B8 /* FirebaseDatabase */,
				AD8ECBAB2ABC942B0040A0B8 /* FirebaseDatabaseSwift */,
				AD8ECBAD2ABC942B0040A0B8 /* FirebaseFirestore */,
				AD8ECBAF2ABC942B0040A0B8 /* FirebaseFirestoreSwift */,
				AD8ECBB12ABC942B0040A0B8 /* FirebaseStorage */,
				ADACF5F82AC1FB1D008AADFA /* ComposableArchitecture */,
			);
			productName = gridy;
			productReference = AD8ECB8A2ABC7CA10040A0B8 /* gridy.app */;
			productType = "com.apple.product-type.application";
		};
/* End PBXNativeTarget section */

/* Begin PBXProject section */
		AD8ECB822ABC7CA10040A0B8 /* Project object */ = {
			isa = PBXProject;
			attributes = {
				BuildIndependentTargetsInParallel = 1;
				LastSwiftUpdateCheck = 1420;
				LastUpgradeCheck = 1420;
				TargetAttributes = {
					AD8ECB892ABC7CA10040A0B8 = {
						CreatedOnToolsVersion = 14.2;
					};
				};
			};
			buildConfigurationList = AD8ECB852ABC7CA10040A0B8 /* Build configuration list for PBXProject "gridy" */;
			compatibilityVersion = "Xcode 14.0";
			developmentRegion = en;
			hasScannedForEncodings = 0;
			knownRegions = (
				en,
				Base,
				ko,
			);
			mainGroup = AD8ECB812ABC7CA10040A0B8;
			packageReferences = (
				AD8ECBA02ABC942B0040A0B8 /* XCRemoteSwiftPackageReference "firebase-ios-sdk" */,
				ADACF5F72AC1FB1D008AADFA /* XCRemoteSwiftPackageReference "swift-composable-architecture" */,
			);
			productRefGroup = AD8ECB8B2ABC7CA10040A0B8 /* Products */;
			projectDirPath = "";
			projectRoot = "";
			targets = (
				AD8ECB892ABC7CA10040A0B8 /* gridy */,
			);
		};
/* End PBXProject section */

/* Begin PBXResourcesBuildPhase section */
		AD8ECB882ABC7CA10040A0B8 /* Resources */ = {
			isa = PBXResourcesBuildPhase;
			buildActionMask = 2147483647;
			files = (
				AD8ECB922ABC7CA20040A0B8 /* Assets.xcassets in Resources */,
				8A5162482AC403BB00EEB1B4 /* Lexend-VariableFont_wght.ttf in Resources */,
				8A51624A2AC404E600EEB1B4 /* Pretendard-Bold.otf in Resources */,
				8A5162462AC401EF00EEB1B4 /* Pretendard-Regular.otf in Resources */,
				ADACF60C2AC26DAB008AADFA /* GoogleService-Info.plist in Resources */,
				8A51624D2AC41D7100EEB1B4 /* Localizable.strings in Resources */,
				8A4854B12AC400D8000B68D8 /* Info.plist in Resources */,
				8A1D0C542AC3FD0600C7FCF8 /* Pretendard-Thin.otf in Resources */,
			);
			runOnlyForDeploymentPostprocessing = 0;
		};
/* End PBXResourcesBuildPhase section */

/* Begin PBXShellScriptBuildPhase section */
		AD8ECB9F2ABC8E6A0040A0B8 /* SwiftLint Script */ = {
			isa = PBXShellScriptBuildPhase;
			alwaysOutOfDate = 1;
			buildActionMask = 2147483647;
			files = (
			);
			inputFileListPaths = (
			);
			inputPaths = (
			);
			name = "SwiftLint Script";
			outputFileListPaths = (
			);
			outputPaths = (
			);
			runOnlyForDeploymentPostprocessing = 0;
			shellPath = /bin/sh;
			shellScript = "if test -d \"/opt/homebrew/bin/\"; then\n  PATH=\"/opt/homebrew/bin/:${PATH}\"\nfi\n\nexport PATH\n\nif which swiftlint >/dev/null; then\n  swiftlint\nelse\n  echo \"warning: SwiftLint not installed, download from https://github.com/realm/SwiftLint\"\nfi\n";
		};
/* End PBXShellScriptBuildPhase section */

/* Begin PBXSourcesBuildPhase section */
		AD8ECB862ABC7CA10040A0B8 /* Sources */ = {
			isa = PBXSourcesBuildPhase;
			buildActionMask = 2147483647;
			files = (
				EE909A6E2AC3D4E900C9AAF0 /* ScheduleIndexAreaView.swift in Sources */,
				8A1D0C502AC3F79300C7FCF8 /* Font.swift in Sources */,
				EE909A542AC3CEF200C9AAF0 /* TabBarAreaView.swift in Sources */,
				AD8ECB902ABC7CA10040A0B8 /* ContentView.swift in Sources */,
				EE909A582AC3CF5400C9AAF0 /* TimelineLayoutView.swift in Sources */,
				ADACF60A2AC26CDF008AADFA /* Color+Extension.swift in Sources */,
				EE909A472AC3CE3C00C9AAF0 /* CalendarLayoutTemp.swift in Sources */,
				ADACF5FF2AC25760008AADFA /* TimelineLayoutReducer.swift in Sources */,
				EE909A5C2AC3CF9900C9AAF0 /* LineAreaView.swift in Sources */,
				EE909A562AC3CF1200C9AAF0 /* BlackPinkInYourAreaView.swift in Sources */,
				EE909A5A2AC3CF6100C9AAF0 /* ListAreaView.swift in Sources */,
				EE909A602AC3CFAF00C9AAF0 /* TimeAxisAreaView.swift in Sources */,
				EE909A622AC3CFB800C9AAF0 /* ScheduleAreaView.swift in Sources */,
				ADACF6022AC25B01008AADFA /* NetworkProtocol.swift in Sources */,
				ADACF6042AC25B0F008AADFA /* NetworkService.swift in Sources */,
				EE909A662AC3D10300C9AAF0 /* LeftToolBarAreaView.swift in Sources */,
				EE909A492AC3CE4500C9AAF0 /* ThinkingLayoutTemp.swift in Sources */,
				AD8ECB8E2ABC7CA10040A0B8 /* GridyApp.swift in Sources */,
				EE909A5E2AC3CFA600C9AAF0 /* LineIndexAreaView.swift in Sources */,
				EE909A412AC3CDC700C9AAF0 /* Utils.swift in Sources */,
				EE909A6B2AC3D21E00C9AAF0 /* GridView.swift in Sources */,
				EE909A642AC3CFCA00C9AAF0 /* RightToolBarAreaView.swift in Sources */,
			);
			runOnlyForDeploymentPostprocessing = 0;
		};
/* End PBXSourcesBuildPhase section */

/* Begin PBXVariantGroup section */
		8A51624F2AC41D7100EEB1B4 /* Localizable.strings */ = {
			isa = PBXVariantGroup;
			children = (
				8A51624E2AC41D7100EEB1B4 /* en */,
				8A5162502AC41D9800EEB1B4 /* ko */,
			);
			name = Localizable.strings;
			sourceTree = "<group>";
		};
/* End PBXVariantGroup section */

/* Begin XCBuildConfiguration section */
		AD8ECB972ABC7CA20040A0B8 /* Debug */ = {
			isa = XCBuildConfiguration;
			buildSettings = {
				ALWAYS_SEARCH_USER_PATHS = NO;
				CLANG_ANALYZER_LOCALIZABILITY_NONLOCALIZED = YES;
				CLANG_ANALYZER_NONNULL = YES;
				CLANG_ANALYZER_NUMBER_OBJECT_CONVERSION = YES_AGGRESSIVE;
				CLANG_CXX_LANGUAGE_STANDARD = "gnu++20";
				CLANG_ENABLE_MODULES = YES;
				CLANG_ENABLE_OBJC_ARC = YES;
				CLANG_ENABLE_OBJC_WEAK = YES;
				CLANG_WARN_BLOCK_CAPTURE_AUTORELEASING = YES;
				CLANG_WARN_BOOL_CONVERSION = YES;
				CLANG_WARN_COMMA = YES;
				CLANG_WARN_CONSTANT_CONVERSION = YES;
				CLANG_WARN_DEPRECATED_OBJC_IMPLEMENTATIONS = YES;
				CLANG_WARN_DIRECT_OBJC_ISA_USAGE = YES_ERROR;
				CLANG_WARN_DOCUMENTATION_COMMENTS = YES;
				CLANG_WARN_EMPTY_BODY = YES;
				CLANG_WARN_ENUM_CONVERSION = YES;
				CLANG_WARN_INFINITE_RECURSION = YES;
				CLANG_WARN_INT_CONVERSION = YES;
				CLANG_WARN_NON_LITERAL_NULL_CONVERSION = YES;
				CLANG_WARN_OBJC_IMPLICIT_RETAIN_SELF = YES;
				CLANG_WARN_OBJC_LITERAL_CONVERSION = YES;
				CLANG_WARN_OBJC_ROOT_CLASS = YES_ERROR;
				CLANG_WARN_QUOTED_INCLUDE_IN_FRAMEWORK_HEADER = YES;
				CLANG_WARN_RANGE_LOOP_ANALYSIS = YES;
				CLANG_WARN_STRICT_PROTOTYPES = YES;
				CLANG_WARN_SUSPICIOUS_MOVE = YES;
				CLANG_WARN_UNGUARDED_AVAILABILITY = YES_AGGRESSIVE;
				CLANG_WARN_UNREACHABLE_CODE = YES;
				CLANG_WARN__DUPLICATE_METHOD_MATCH = YES;
				COPY_PHASE_STRIP = NO;
				DEBUG_INFORMATION_FORMAT = dwarf;
				ENABLE_STRICT_OBJC_MSGSEND = YES;
				ENABLE_TESTABILITY = YES;
				GCC_C_LANGUAGE_STANDARD = gnu11;
				GCC_DYNAMIC_NO_PIC = NO;
				GCC_NO_COMMON_BLOCKS = YES;
				GCC_OPTIMIZATION_LEVEL = 0;
				GCC_PREPROCESSOR_DEFINITIONS = (
					"DEBUG=1",
					"$(inherited)",
				);
				GCC_WARN_64_TO_32_BIT_CONVERSION = YES;
				GCC_WARN_ABOUT_RETURN_TYPE = YES_ERROR;
				GCC_WARN_UNDECLARED_SELECTOR = YES;
				GCC_WARN_UNINITIALIZED_AUTOS = YES_AGGRESSIVE;
				GCC_WARN_UNUSED_FUNCTION = YES;
				GCC_WARN_UNUSED_VARIABLE = YES;
				MACOSX_DEPLOYMENT_TARGET = 13.1;
				MTL_ENABLE_DEBUG_INFO = INCLUDE_SOURCE;
				MTL_FAST_MATH = YES;
				ONLY_ACTIVE_ARCH = YES;
				SDKROOT = macosx;
				SWIFT_ACTIVE_COMPILATION_CONDITIONS = DEBUG;
				SWIFT_EMIT_LOC_STRINGS = YES;
				SWIFT_OPTIMIZATION_LEVEL = "-Onone";
			};
			name = Debug;
		};
		AD8ECB982ABC7CA20040A0B8 /* Release */ = {
			isa = XCBuildConfiguration;
			buildSettings = {
				ALWAYS_SEARCH_USER_PATHS = NO;
				CLANG_ANALYZER_LOCALIZABILITY_NONLOCALIZED = YES;
				CLANG_ANALYZER_NONNULL = YES;
				CLANG_ANALYZER_NUMBER_OBJECT_CONVERSION = YES_AGGRESSIVE;
				CLANG_CXX_LANGUAGE_STANDARD = "gnu++20";
				CLANG_ENABLE_MODULES = YES;
				CLANG_ENABLE_OBJC_ARC = YES;
				CLANG_ENABLE_OBJC_WEAK = YES;
				CLANG_WARN_BLOCK_CAPTURE_AUTORELEASING = YES;
				CLANG_WARN_BOOL_CONVERSION = YES;
				CLANG_WARN_COMMA = YES;
				CLANG_WARN_CONSTANT_CONVERSION = YES;
				CLANG_WARN_DEPRECATED_OBJC_IMPLEMENTATIONS = YES;
				CLANG_WARN_DIRECT_OBJC_ISA_USAGE = YES_ERROR;
				CLANG_WARN_DOCUMENTATION_COMMENTS = YES;
				CLANG_WARN_EMPTY_BODY = YES;
				CLANG_WARN_ENUM_CONVERSION = YES;
				CLANG_WARN_INFINITE_RECURSION = YES;
				CLANG_WARN_INT_CONVERSION = YES;
				CLANG_WARN_NON_LITERAL_NULL_CONVERSION = YES;
				CLANG_WARN_OBJC_IMPLICIT_RETAIN_SELF = YES;
				CLANG_WARN_OBJC_LITERAL_CONVERSION = YES;
				CLANG_WARN_OBJC_ROOT_CLASS = YES_ERROR;
				CLANG_WARN_QUOTED_INCLUDE_IN_FRAMEWORK_HEADER = YES;
				CLANG_WARN_RANGE_LOOP_ANALYSIS = YES;
				CLANG_WARN_STRICT_PROTOTYPES = YES;
				CLANG_WARN_SUSPICIOUS_MOVE = YES;
				CLANG_WARN_UNGUARDED_AVAILABILITY = YES_AGGRESSIVE;
				CLANG_WARN_UNREACHABLE_CODE = YES;
				CLANG_WARN__DUPLICATE_METHOD_MATCH = YES;
				COPY_PHASE_STRIP = NO;
				DEBUG_INFORMATION_FORMAT = "dwarf-with-dsym";
				ENABLE_NS_ASSERTIONS = NO;
				ENABLE_STRICT_OBJC_MSGSEND = YES;
				GCC_C_LANGUAGE_STANDARD = gnu11;
				GCC_NO_COMMON_BLOCKS = YES;
				GCC_WARN_64_TO_32_BIT_CONVERSION = YES;
				GCC_WARN_ABOUT_RETURN_TYPE = YES_ERROR;
				GCC_WARN_UNDECLARED_SELECTOR = YES;
				GCC_WARN_UNINITIALIZED_AUTOS = YES_AGGRESSIVE;
				GCC_WARN_UNUSED_FUNCTION = YES;
				GCC_WARN_UNUSED_VARIABLE = YES;
				MACOSX_DEPLOYMENT_TARGET = 13.1;
				MTL_ENABLE_DEBUG_INFO = NO;
				MTL_FAST_MATH = YES;
				SDKROOT = macosx;
				SWIFT_COMPILATION_MODE = wholemodule;
				SWIFT_EMIT_LOC_STRINGS = YES;
				SWIFT_OPTIMIZATION_LEVEL = "-O";
			};
			name = Release;
		};
		AD8ECB9A2ABC7CA20040A0B8 /* Debug */ = {
			isa = XCBuildConfiguration;
			buildSettings = {
				ASSETCATALOG_COMPILER_APPICON_NAME = AppIcon;
				ASSETCATALOG_COMPILER_GLOBAL_ACCENT_COLOR_NAME = AccentColor;
				CODE_SIGN_ENTITLEMENTS = gridy/Resources/gridy.entitlements;
				CODE_SIGN_STYLE = Automatic;
				COMBINE_HIDPI_IMAGES = YES;
				CURRENT_PROJECT_VERSION = 1;
				DEVELOPMENT_TEAM = 7D5PZJWQ9T;
				ENABLE_HARDENED_RUNTIME = YES;
				ENABLE_PREVIEWS = YES;
				GENERATE_INFOPLIST_FILE = YES;
				INFOPLIST_FILE = gridy/Info.plist;
				INFOPLIST_KEY_NSHumanReadableCopyright = "";
				LD_RUNPATH_SEARCH_PATHS = (
					"$(inherited)",
					"@executable_path/../Frameworks",
				);
				MARKETING_VERSION = 1.0;
				PRODUCT_BUNDLE_IDENTIFIER = com.ampersand.gridy;
				PRODUCT_NAME = "$(TARGET_NAME)";
				SWIFT_EMIT_LOC_STRINGS = YES;
				SWIFT_VERSION = 5.0;
			};
			name = Debug;
		};
		AD8ECB9B2ABC7CA20040A0B8 /* Release */ = {
			isa = XCBuildConfiguration;
			buildSettings = {
				ASSETCATALOG_COMPILER_APPICON_NAME = AppIcon;
				ASSETCATALOG_COMPILER_GLOBAL_ACCENT_COLOR_NAME = AccentColor;
				CODE_SIGN_ENTITLEMENTS = gridy/Resources/gridy.entitlements;
				CODE_SIGN_STYLE = Automatic;
				COMBINE_HIDPI_IMAGES = YES;
				CURRENT_PROJECT_VERSION = 1;
				DEVELOPMENT_TEAM = 7D5PZJWQ9T;
				ENABLE_HARDENED_RUNTIME = YES;
				ENABLE_PREVIEWS = YES;
				GENERATE_INFOPLIST_FILE = YES;
				INFOPLIST_FILE = gridy/Info.plist;
				INFOPLIST_KEY_NSHumanReadableCopyright = "";
				LD_RUNPATH_SEARCH_PATHS = (
					"$(inherited)",
					"@executable_path/../Frameworks",
				);
				MARKETING_VERSION = 1.0;
				PRODUCT_BUNDLE_IDENTIFIER = com.ampersand.gridy;
				PRODUCT_NAME = "$(TARGET_NAME)";
				SWIFT_EMIT_LOC_STRINGS = YES;
				SWIFT_VERSION = 5.0;
			};
			name = Release;
		};
/* End XCBuildConfiguration section */

/* Begin XCConfigurationList section */
		AD8ECB852ABC7CA10040A0B8 /* Build configuration list for PBXProject "gridy" */ = {
			isa = XCConfigurationList;
			buildConfigurations = (
				AD8ECB972ABC7CA20040A0B8 /* Debug */,
				AD8ECB982ABC7CA20040A0B8 /* Release */,
			);
			defaultConfigurationIsVisible = 0;
			defaultConfigurationName = Release;
		};
		AD8ECB992ABC7CA20040A0B8 /* Build configuration list for PBXNativeTarget "gridy" */ = {
			isa = XCConfigurationList;
			buildConfigurations = (
				AD8ECB9A2ABC7CA20040A0B8 /* Debug */,
				AD8ECB9B2ABC7CA20040A0B8 /* Release */,
			);
			defaultConfigurationIsVisible = 0;
			defaultConfigurationName = Release;
		};
/* End XCConfigurationList section */

/* Begin XCRemoteSwiftPackageReference section */
		AD8ECBA02ABC942B0040A0B8 /* XCRemoteSwiftPackageReference "firebase-ios-sdk" */ = {
			isa = XCRemoteSwiftPackageReference;
			repositoryURL = "https://github.com/firebase/firebase-ios-sdk.git";
			requirement = {
				kind = upToNextMajorVersion;
				minimumVersion = 9.0.0;
			};
		};
		ADACF5F72AC1FB1D008AADFA /* XCRemoteSwiftPackageReference "swift-composable-architecture" */ = {
			isa = XCRemoteSwiftPackageReference;
			repositoryURL = "http://github.com/pointfreeco/swift-composable-architecture.git";
			requirement = {
				kind = upToNextMajorVersion;
				minimumVersion = 1.0.0;
			};
		};
/* End XCRemoteSwiftPackageReference section */

/* Begin XCSwiftPackageProductDependency section */
		AD8ECBA12ABC942B0040A0B8 /* FirebaseAnalytics */ = {
			isa = XCSwiftPackageProductDependency;
			package = AD8ECBA02ABC942B0040A0B8 /* XCRemoteSwiftPackageReference "firebase-ios-sdk" */;
			productName = FirebaseAnalytics;
		};
		AD8ECBA32ABC942B0040A0B8 /* FirebaseAnalyticsSwift */ = {
			isa = XCSwiftPackageProductDependency;
			package = AD8ECBA02ABC942B0040A0B8 /* XCRemoteSwiftPackageReference "firebase-ios-sdk" */;
			productName = FirebaseAnalyticsSwift;
		};
		AD8ECBA52ABC942B0040A0B8 /* FirebaseAuth */ = {
			isa = XCSwiftPackageProductDependency;
			package = AD8ECBA02ABC942B0040A0B8 /* XCRemoteSwiftPackageReference "firebase-ios-sdk" */;
			productName = FirebaseAuth;
		};
		AD8ECBA72ABC942B0040A0B8 /* FirebaseCrashlytics */ = {
			isa = XCSwiftPackageProductDependency;
			package = AD8ECBA02ABC942B0040A0B8 /* XCRemoteSwiftPackageReference "firebase-ios-sdk" */;
			productName = FirebaseCrashlytics;
		};
		AD8ECBA92ABC942B0040A0B8 /* FirebaseDatabase */ = {
			isa = XCSwiftPackageProductDependency;
			package = AD8ECBA02ABC942B0040A0B8 /* XCRemoteSwiftPackageReference "firebase-ios-sdk" */;
			productName = FirebaseDatabase;
		};
		AD8ECBAB2ABC942B0040A0B8 /* FirebaseDatabaseSwift */ = {
			isa = XCSwiftPackageProductDependency;
			package = AD8ECBA02ABC942B0040A0B8 /* XCRemoteSwiftPackageReference "firebase-ios-sdk" */;
			productName = FirebaseDatabaseSwift;
		};
		AD8ECBAD2ABC942B0040A0B8 /* FirebaseFirestore */ = {
			isa = XCSwiftPackageProductDependency;
			package = AD8ECBA02ABC942B0040A0B8 /* XCRemoteSwiftPackageReference "firebase-ios-sdk" */;
			productName = FirebaseFirestore;
		};
		AD8ECBAF2ABC942B0040A0B8 /* FirebaseFirestoreSwift */ = {
			isa = XCSwiftPackageProductDependency;
			package = AD8ECBA02ABC942B0040A0B8 /* XCRemoteSwiftPackageReference "firebase-ios-sdk" */;
			productName = FirebaseFirestoreSwift;
		};
		AD8ECBB12ABC942B0040A0B8 /* FirebaseStorage */ = {
			isa = XCSwiftPackageProductDependency;
			package = AD8ECBA02ABC942B0040A0B8 /* XCRemoteSwiftPackageReference "firebase-ios-sdk" */;
			productName = FirebaseStorage;
		};
		ADACF5F82AC1FB1D008AADFA /* ComposableArchitecture */ = {
			isa = XCSwiftPackageProductDependency;
			package = ADACF5F72AC1FB1D008AADFA /* XCRemoteSwiftPackageReference "swift-composable-architecture" */;
			productName = ComposableArchitecture;
		};
/* End XCSwiftPackageProductDependency section */
	};
	rootObject = AD8ECB822ABC7CA10040A0B8 /* Project object */;
}
